// !$*UTF8*$!
{
	archiveVersion = 1;
	classes = {
	};
	objectVersion = 50;
	objects = {

/* Begin PBXBuildFile section */
		040812622435873D00900963 /* YSRoomSDK.framework in Frameworks */ = {isa = PBXBuildFile; fileRef = 040812612435873C00900963 /* YSRoomSDK.framework */; };
		040812692435881000900963 /* BMKit.framework in Frameworks */ = {isa = PBXBuildFile; fileRef = 040812642435881000900963 /* BMKit.framework */; };
		040812712435894A00900963 /* YSBrushToolsManager.h in Headers */ = {isa = PBXBuildFile; fileRef = 0408126F2435894A00900963 /* YSBrushToolsManager.h */; settings = {ATTRIBUTES = (Public, ); }; };
		040812722435894A00900963 /* YSBrushToolsManager.m in Sources */ = {isa = PBXBuildFile; fileRef = 040812702435894A00900963 /* YSBrushToolsManager.m */; };
		041CEADC24514C3E00E07723 /* YSWhiteBoardImage.xcassets in Resources */ = {isa = PBXBuildFile; fileRef = 041CEADB24514C3E00E07723 /* YSWhiteBoardImage.xcassets */; };
		041CEADF245169A300E07723 /* YSWhiteBoardControlView.h in Headers */ = {isa = PBXBuildFile; fileRef = 041CEADD245169A300E07723 /* YSWhiteBoardControlView.h */; settings = {ATTRIBUTES = (Public, ); }; };
		041CEAE0245169A300E07723 /* YSWhiteBoardControlView.m in Sources */ = {isa = PBXBuildFile; fileRef = 041CEADE245169A300E07723 /* YSWhiteBoardControlView.m */; };
		042F2F922435BDEE00838154 /* YSBrushToolsConfigs.h in Headers */ = {isa = PBXBuildFile; fileRef = 042F2F902435BDEE00838154 /* YSBrushToolsConfigs.h */; settings = {ATTRIBUTES = (Public, ); }; };
		042F2F932435BDEE00838154 /* YSBrushToolsConfigs.m in Sources */ = {isa = PBXBuildFile; fileRef = 042F2F912435BDEE00838154 /* YSBrushToolsConfigs.m */; };
		042F2F972435DD3E00838154 /* YSCoursewareControlView.h in Headers */ = {isa = PBXBuildFile; fileRef = 042F2F952435DD3E00838154 /* YSCoursewareControlView.h */; settings = {ATTRIBUTES = (Public, ); }; };
		042F2F982435DD3E00838154 /* YSCoursewareControlView.m in Sources */ = {isa = PBXBuildFile; fileRef = 042F2F962435DD3E00838154 /* YSCoursewareControlView.m */; };
		044733A22456C47E009ACB27 /* YSWhiteBoardTopBar.m in Sources */ = {isa = PBXBuildFile; fileRef = 044733A02456C47E009ACB27 /* YSWhiteBoardTopBar.m */; };
		044733A42456C9F4009ACB27 /* YSWhiteBoardTopBar.h in Headers */ = {isa = PBXBuildFile; fileRef = 044733A12456C47E009ACB27 /* YSWhiteBoardTopBar.h */; settings = {ATTRIBUTES = (Public, ); }; };
		263C8A26245599BA00FDA6E8 /* YSWBMp3Controlview.h in Headers */ = {isa = PBXBuildFile; fileRef = 263C8A20245599BA00FDA6E8 /* YSWBMp3Controlview.h */; };
		263C8A27245599BA00FDA6E8 /* YSWBMp4ControlView.h in Headers */ = {isa = PBXBuildFile; fileRef = 263C8A21245599BA00FDA6E8 /* YSWBMp4ControlView.h */; };
		263C8A28245599BA00FDA6E8 /* YSWBMediaSlider.m in Sources */ = {isa = PBXBuildFile; fileRef = 263C8A22245599BA00FDA6E8 /* YSWBMediaSlider.m */; };
		263C8A29245599BA00FDA6E8 /* YSWBMp4ControlView.m in Sources */ = {isa = PBXBuildFile; fileRef = 263C8A23245599BA00FDA6E8 /* YSWBMp4ControlView.m */; };
		263C8A2A245599BA00FDA6E8 /* YSWBMp3Controlview.m in Sources */ = {isa = PBXBuildFile; fileRef = 263C8A24245599BA00FDA6E8 /* YSWBMp3Controlview.m */; };
		263C8A2B245599BA00FDA6E8 /* YSWBMediaSlider.h in Headers */ = {isa = PBXBuildFile; fileRef = 263C8A25245599BA00FDA6E8 /* YSWBMediaSlider.h */; };
		26ACB4BB2446F3E300C8B149 /* YSRoomSDK.framework in Frameworks */ = {isa = PBXBuildFile; fileRef = 26ACB4BA2446F3E300C8B149 /* YSRoomSDK.framework */; };
		26ACB4C52446F7C500C8B149 /* NSURLProtocol+YSWhiteBoard.m in Sources */ = {isa = PBXBuildFile; fileRef = 26ACB4BD2446F7C500C8B149 /* NSURLProtocol+YSWhiteBoard.m */; };
		26ACB4C62446F7C500C8B149 /* YSWhiteBordNSURLProtocol.h in Headers */ = {isa = PBXBuildFile; fileRef = 26ACB4BE2446F7C500C8B149 /* YSWhiteBordNSURLProtocol.h */; };
		26ACB4C72446F7C500C8B149 /* YSWhiteBordHttpDNSUtil.h in Headers */ = {isa = PBXBuildFile; fileRef = 26ACB4BF2446F7C500C8B149 /* YSWhiteBordHttpDNSUtil.h */; };
		26ACB4C82446F7C500C8B149 /* NSURLRequest+YSWhiteBoard.m in Sources */ = {isa = PBXBuildFile; fileRef = 26ACB4C02446F7C500C8B149 /* NSURLRequest+YSWhiteBoard.m */; };
		26ACB4C92446F7C500C8B149 /* YSWhiteBordNSURLProtocol.m in Sources */ = {isa = PBXBuildFile; fileRef = 26ACB4C12446F7C500C8B149 /* YSWhiteBordNSURLProtocol.m */; };
		26ACB4CA2446F7C500C8B149 /* NSURLProtocol+YSWhiteBoard.h in Headers */ = {isa = PBXBuildFile; fileRef = 26ACB4C22446F7C500C8B149 /* NSURLProtocol+YSWhiteBoard.h */; };
		26ACB4CB2446F7C500C8B149 /* NSURLRequest+YSWhiteBoard.h in Headers */ = {isa = PBXBuildFile; fileRef = 26ACB4C32446F7C500C8B149 /* NSURLRequest+YSWhiteBoard.h */; };
		26ACB4CC2446F7C500C8B149 /* YSWhiteBordHttpDNSUtil.m in Sources */ = {isa = PBXBuildFile; fileRef = 26ACB4C42446F7C500C8B149 /* YSWhiteBordHttpDNSUtil.m */; };
		8732B8D524270E18005BEB99 /* YSWhiteBoard.h in Headers */ = {isa = PBXBuildFile; fileRef = 8732B8D324270E18005BEB99 /* YSWhiteBoard.h */; settings = {ATTRIBUTES = (Public, ); }; };
		877F39592455290C0086D7E2 /* YSWhiteBoardResources.bundle in Resources */ = {isa = PBXBuildFile; fileRef = 877F39582455290C0086D7E2 /* YSWhiteBoardResources.bundle */; };
		877F395C24555DDC0086D7E2 /* YSMediaFileModel.h in Headers */ = {isa = PBXBuildFile; fileRef = 877F395A24555DDC0086D7E2 /* YSMediaFileModel.h */; settings = {ATTRIBUTES = (Public, ); }; };
		877F395D24555DDC0086D7E2 /* YSMediaFileModel.m in Sources */ = {isa = PBXBuildFile; fileRef = 877F395B24555DDC0086D7E2 /* YSMediaFileModel.m */; };
		877F395F2456B0D10086D7E2 /* YSWBMediaControlviewDelegate.h in Headers */ = {isa = PBXBuildFile; fileRef = 877F395E2456ACB20086D7E2 /* YSWBMediaControlviewDelegate.h */; settings = {ATTRIBUTES = (Public, ); }; };
		877F39682457E4EB0086D7E2 /* YSWBMediaMarkView.h in Headers */ = {isa = PBXBuildFile; fileRef = 877F39662457E4EB0086D7E2 /* YSWBMediaMarkView.h */; settings = {ATTRIBUTES = (Public, ); }; };
		877F39692457E4EB0086D7E2 /* YSWBMediaMarkView.m in Sources */ = {isa = PBXBuildFile; fileRef = 877F39672457E4EB0086D7E2 /* YSWBMediaMarkView.m */; };
		87AD1600242721F000EAE233 /* YSWhiteBoardManager.h in Headers */ = {isa = PBXBuildFile; fileRef = 87AD15FE242721F000EAE233 /* YSWhiteBoardManager.h */; settings = {ATTRIBUTES = (Public, ); }; };
		87AD1601242721F000EAE233 /* YSWhiteBoardManager.m in Sources */ = {isa = PBXBuildFile; fileRef = 87AD15FF242721F000EAE233 /* YSWhiteBoardManager.m */; };
		87AD16192427554900EAE233 /* YSRoomConfiguration.h in Headers */ = {isa = PBXBuildFile; fileRef = 87AD16172427554900EAE233 /* YSRoomConfiguration.h */; settings = {ATTRIBUTES = (Public, ); }; };
		87AD161A2427554900EAE233 /* YSRoomConfiguration.m in Sources */ = {isa = PBXBuildFile; fileRef = 87AD16182427554900EAE233 /* YSRoomConfiguration.m */; };
		87AD162924284E8E00EAE233 /* YSRoomUtil.h in Headers */ = {isa = PBXBuildFile; fileRef = 87AD162724284E8E00EAE233 /* YSRoomUtil.h */; settings = {ATTRIBUTES = (Public, ); }; };
		87AD162A24284E8E00EAE233 /* YSRoomUtil.m in Sources */ = {isa = PBXBuildFile; fileRef = 87AD162824284E8E00EAE233 /* YSRoomUtil.m */; };
		87AD1631242859A900EAE233 /* YSWBLogger.h in Headers */ = {isa = PBXBuildFile; fileRef = 87AD162F242859A900EAE233 /* YSWBLogger.h */; };
		87AD1632242859A900EAE233 /* YSWBLogger.m in Sources */ = {isa = PBXBuildFile; fileRef = 87AD1630242859A900EAE233 /* YSWBLogger.m */; };
		87AD163C2428B68400EAE233 /* YSWBDrawViewManager.h in Headers */ = {isa = PBXBuildFile; fileRef = 87AD16352428B68400EAE233 /* YSWBDrawViewManager.h */; settings = {ATTRIBUTES = (Public, ); }; };
		87AD163D2428B68400EAE233 /* YSWBDrawViewManager.m in Sources */ = {isa = PBXBuildFile; fileRef = 87AD16362428B68400EAE233 /* YSWBDrawViewManager.m */; };
		87AD163E2428B68400EAE233 /* YSWBWebViewManager.h in Headers */ = {isa = PBXBuildFile; fileRef = 87AD16382428B68400EAE233 /* YSWBWebViewManager.h */; settings = {ATTRIBUTES = (Public, ); }; };
		87AD163F2428B68400EAE233 /* YSWKWebViewWeakDelegate.h in Headers */ = {isa = PBXBuildFile; fileRef = 87AD16392428B68400EAE233 /* YSWKWebViewWeakDelegate.h */; };
		87AD16402428B68400EAE233 /* YSWBWebViewManager.m in Sources */ = {isa = PBXBuildFile; fileRef = 87AD163A2428B68400EAE233 /* YSWBWebViewManager.m */; };
		87AD16412428B68400EAE233 /* YSWKWebViewWeakDelegate.m in Sources */ = {isa = PBXBuildFile; fileRef = 87AD163B2428B68400EAE233 /* YSWKWebViewWeakDelegate.m */; };
		87AD16442428B6AB00EAE233 /* YSWhiteBoardView.h in Headers */ = {isa = PBXBuildFile; fileRef = 87AD16422428B6AB00EAE233 /* YSWhiteBoardView.h */; settings = {ATTRIBUTES = (Public, ); }; };
		87AD16452428B6AB00EAE233 /* YSWhiteBoardView.m in Sources */ = {isa = PBXBuildFile; fileRef = 87AD16432428B6AB00EAE233 /* YSWhiteBoardView.m */; };
		87C8B0862429B9150016848E /* YSWhiteBoardEnum.h in Headers */ = {isa = PBXBuildFile; fileRef = 87C8B0852429B9150016848E /* YSWhiteBoardEnum.h */; settings = {ATTRIBUTES = (Public, ); }; };
		87C8B0B52429B9D20016848E /* VYSDWebImageDownloaderOperation.m in Sources */ = {isa = PBXBuildFile; fileRef = 87C8B08C2429B9D20016848E /* VYSDWebImageDownloaderOperation.m */; };
		87C8B0B62429B9D20016848E /* VYSDImageCacheConfig.h in Headers */ = {isa = PBXBuildFile; fileRef = 87C8B08D2429B9D20016848E /* VYSDImageCacheConfig.h */; };
		87C8B0B72429B9D20016848E /* VYSDWebImageCompat.h in Headers */ = {isa = PBXBuildFile; fileRef = 87C8B08E2429B9D20016848E /* VYSDWebImageCompat.h */; };
		87C8B0B82429B9D20016848E /* MKAnnotationView+VYWebCache.m in Sources */ = {isa = PBXBuildFile; fileRef = 87C8B08F2429B9D20016848E /* MKAnnotationView+VYWebCache.m */; };
		87C8B0B92429B9D20016848E /* UIImage+VYMultiFormat.m in Sources */ = {isa = PBXBuildFile; fileRef = 87C8B0902429B9D20016848E /* UIImage+VYMultiFormat.m */; };
		87C8B0BA2429B9D20016848E /* UIImageView+VYHighlightedWebCache.h in Headers */ = {isa = PBXBuildFile; fileRef = 87C8B0912429B9D20016848E /* UIImageView+VYHighlightedWebCache.h */; };
		87C8B0BB2429B9D20016848E /* NSData+VYImageContentType.m in Sources */ = {isa = PBXBuildFile; fileRef = 87C8B0922429B9D20016848E /* NSData+VYImageContentType.m */; };
		87C8B0BC2429B9D20016848E /* UIImageView+VYWebCache.m in Sources */ = {isa = PBXBuildFile; fileRef = 87C8B0932429B9D20016848E /* UIImageView+VYWebCache.m */; };
		87C8B0BD2429B9D20016848E /* UIButton+VYWebCache.m in Sources */ = {isa = PBXBuildFile; fileRef = 87C8B0942429B9D20016848E /* UIButton+VYWebCache.m */; };
		87C8B0BE2429B9D20016848E /* VYSDImageCache.m in Sources */ = {isa = PBXBuildFile; fileRef = 87C8B0952429B9D20016848E /* VYSDImageCache.m */; };
		87C8B0BF2429B9D20016848E /* VYSDWebImageDecoder.m in Sources */ = {isa = PBXBuildFile; fileRef = 87C8B0962429B9D20016848E /* VYSDWebImageDecoder.m */; };
		87C8B0C02429B9D20016848E /* VYSDWebImageManager.m in Sources */ = {isa = PBXBuildFile; fileRef = 87C8B0972429B9D20016848E /* VYSDWebImageManager.m */; };
		87C8B0C12429B9D20016848E /* UIView+VYWebCache.h in Headers */ = {isa = PBXBuildFile; fileRef = 87C8B0982429B9D20016848E /* UIView+VYWebCache.h */; };
		87C8B0C22429B9D20016848E /* NSImage+VYWebCache.h in Headers */ = {isa = PBXBuildFile; fileRef = 87C8B0992429B9D20016848E /* NSImage+VYWebCache.h */; };
		87C8B0C32429B9D20016848E /* VYSDWebImagePrefetcher.m in Sources */ = {isa = PBXBuildFile; fileRef = 87C8B09A2429B9D20016848E /* VYSDWebImagePrefetcher.m */; };
		87C8B0C42429B9D20016848E /* UIImage+VYWebP.h in Headers */ = {isa = PBXBuildFile; fileRef = 87C8B09B2429B9D20016848E /* UIImage+VYWebP.h */; };
		87C8B0C52429B9D20016848E /* VYSDWebImageDownloader.m in Sources */ = {isa = PBXBuildFile; fileRef = 87C8B09C2429B9D20016848E /* VYSDWebImageDownloader.m */; };
		87C8B0C62429B9D20016848E /* UIImage+VYGIF.m in Sources */ = {isa = PBXBuildFile; fileRef = 87C8B09D2429B9D20016848E /* UIImage+VYGIF.m */; };
		87C8B0C72429B9D20016848E /* UIView+VYWebCacheOperation.m in Sources */ = {isa = PBXBuildFile; fileRef = 87C8B09E2429B9D20016848E /* UIView+VYWebCacheOperation.m */; };
		87C8B0C82429B9D20016848E /* MKAnnotationView+VYWebCache.h in Headers */ = {isa = PBXBuildFile; fileRef = 87C8B09F2429B9D20016848E /* MKAnnotationView+VYWebCache.h */; };
		87C8B0C92429B9D20016848E /* VYSDWebImageCompat.m in Sources */ = {isa = PBXBuildFile; fileRef = 87C8B0A02429B9D20016848E /* VYSDWebImageCompat.m */; };
		87C8B0CA2429B9D20016848E /* VYSDImageCacheConfig.m in Sources */ = {isa = PBXBuildFile; fileRef = 87C8B0A12429B9D20016848E /* VYSDImageCacheConfig.m */; };
		87C8B0CB2429B9D20016848E /* VYSDWebImageDownloaderOperation.h in Headers */ = {isa = PBXBuildFile; fileRef = 87C8B0A22429B9D20016848E /* VYSDWebImageDownloaderOperation.h */; };
		87C8B0CC2429B9D20016848E /* UIImageView+VYWebCache.h in Headers */ = {isa = PBXBuildFile; fileRef = 87C8B0A32429B9D20016848E /* UIImageView+VYWebCache.h */; };
		87C8B0CD2429B9D20016848E /* NSData+VYImageContentType.h in Headers */ = {isa = PBXBuildFile; fileRef = 87C8B0A42429B9D20016848E /* NSData+VYImageContentType.h */; };
		87C8B0CE2429B9D20016848E /* UIImageView+VYHighlightedWebCache.m in Sources */ = {isa = PBXBuildFile; fileRef = 87C8B0A52429B9D20016848E /* UIImageView+VYHighlightedWebCache.m */; };
		87C8B0CF2429B9D20016848E /* UIImage+VYMultiFormat.h in Headers */ = {isa = PBXBuildFile; fileRef = 87C8B0A62429B9D20016848E /* UIImage+VYMultiFormat.h */; };
		87C8B0D02429B9D20016848E /* VYSDWebImagePrefetcher.h in Headers */ = {isa = PBXBuildFile; fileRef = 87C8B0A72429B9D20016848E /* VYSDWebImagePrefetcher.h */; };
		87C8B0D12429B9D20016848E /* UIView+VYWebCache.m in Sources */ = {isa = PBXBuildFile; fileRef = 87C8B0A82429B9D20016848E /* UIView+VYWebCache.m */; };
		87C8B0D22429B9D20016848E /* NSImage+VYWebCache.m in Sources */ = {isa = PBXBuildFile; fileRef = 87C8B0A92429B9D20016848E /* NSImage+VYWebCache.m */; };
		87C8B0D32429B9D20016848E /* VYSDWebImageManager.h in Headers */ = {isa = PBXBuildFile; fileRef = 87C8B0AA2429B9D20016848E /* VYSDWebImageManager.h */; };
		87C8B0D42429B9D20016848E /* VYSDWebImageDecoder.h in Headers */ = {isa = PBXBuildFile; fileRef = 87C8B0AB2429B9D20016848E /* VYSDWebImageDecoder.h */; };
		87C8B0D52429B9D20016848E /* VYSDImageCache.h in Headers */ = {isa = PBXBuildFile; fileRef = 87C8B0AC2429B9D20016848E /* VYSDImageCache.h */; };
		87C8B0D62429B9D20016848E /* UIButton+VYWebCache.h in Headers */ = {isa = PBXBuildFile; fileRef = 87C8B0AD2429B9D20016848E /* UIButton+VYWebCache.h */; };
		87C8B0D72429B9D20016848E /* UIView+VYWebCacheOperation.h in Headers */ = {isa = PBXBuildFile; fileRef = 87C8B0AE2429B9D20016848E /* UIView+VYWebCacheOperation.h */; };
		87C8B0D82429B9D20016848E /* VYSDWebImageOperation.h in Headers */ = {isa = PBXBuildFile; fileRef = 87C8B0AF2429B9D20016848E /* VYSDWebImageOperation.h */; };
		87C8B0D92429B9D20016848E /* UIImage+VYGIF.h in Headers */ = {isa = PBXBuildFile; fileRef = 87C8B0B02429B9D20016848E /* UIImage+VYGIF.h */; };
		87C8B0DA2429B9D20016848E /* VYSDWebImageDownloader.h in Headers */ = {isa = PBXBuildFile; fileRef = 87C8B0B12429B9D20016848E /* VYSDWebImageDownloader.h */; };
		87C8B0DB2429B9D20016848E /* UIImage+VYWebP.m in Sources */ = {isa = PBXBuildFile; fileRef = 87C8B0B22429B9D20016848E /* UIImage+VYWebP.m */; };
		87C8B0E02429BB8B0016848E /* HSV.h in Headers */ = {isa = PBXBuildFile; fileRef = 87C8B0DE2429BB8B0016848E /* HSV.h */; };
		87C8B0E22429BC8D0016848E /* HSV.mm in Sources */ = {isa = PBXBuildFile; fileRef = 87C8B0E12429BC8D0016848E /* HSV.mm */; };
		87C8B1032429BCD20016848E /* YSDrawView.m in Sources */ = {isa = PBXBuildFile; fileRef = 87C8B0E42429BCD20016848E /* YSDrawView.m */; };
		87C8B1042429BCD20016848E /* YSDrawView.h in Headers */ = {isa = PBXBuildFile; fileRef = 87C8B0E52429BCD20016848E /* YSDrawView.h */; settings = {ATTRIBUTES = (Public, ); }; };
		87C8B1052429BCD20016848E /* YSFileModel.m in Sources */ = {isa = PBXBuildFile; fileRef = 87C8B0E72429BCD20016848E /* YSFileModel.m */; };
		87C8B1062429BCD20016848E /* YSFileModel.h in Headers */ = {isa = PBXBuildFile; fileRef = 87C8B0E82429BCD20016848E /* YSFileModel.h */; settings = {ATTRIBUTES = (Public, ); }; };
		87C8B1072429BCD20016848E /* DocShowView.h in Headers */ = {isa = PBXBuildFile; fileRef = 87C8B0EB2429BCD20016848E /* DocShowView.h */; };
		87C8B1082429BCD20016848E /* LKPDFView.m in Sources */ = {isa = PBXBuildFile; fileRef = 87C8B0EC2429BCD20016848E /* LKPDFView.m */; };
		87C8B1092429BCD20016848E /* DocUnderView.m in Sources */ = {isa = PBXBuildFile; fileRef = 87C8B0ED2429BCD20016848E /* DocUnderView.m */; };
		87C8B10A2429BCD20016848E /* DocShowView.m in Sources */ = {isa = PBXBuildFile; fileRef = 87C8B0EE2429BCD20016848E /* DocShowView.m */; };
		87C8B10B2429BCD20016848E /* DrawView.h in Headers */ = {isa = PBXBuildFile; fileRef = 87C8B0EF2429BCD20016848E /* DrawView.h */; };
		87C8B10C2429BCD20016848E /* DocUnderView.h in Headers */ = {isa = PBXBuildFile; fileRef = 87C8B0F02429BCD20016848E /* DocUnderView.h */; };
		87C8B10D2429BCD20016848E /* LKPDFView.h in Headers */ = {isa = PBXBuildFile; fileRef = 87C8B0F12429BCD20016848E /* LKPDFView.h */; };
		87C8B10E2429BCD20016848E /* DrawView.mm in Sources */ = {isa = PBXBuildFile; fileRef = 87C8B0F22429BCD20016848E /* DrawView.mm */; };
		87C8B10F2429BCD20016848E /* DrawLine.h in Headers */ = {isa = PBXBuildFile; fileRef = 87C8B0F42429BCD20016848E /* DrawLine.h */; };
		87C8B1102429BCD20016848E /* DrawCircle.m in Sources */ = {isa = PBXBuildFile; fileRef = 87C8B0F52429BCD20016848E /* DrawCircle.m */; };
		87C8B1112429BCD20016848E /* LaserPan.m in Sources */ = {isa = PBXBuildFile; fileRef = 87C8B0F62429BCD20016848E /* LaserPan.m */; };
		87C8B1122429BCD20016848E /* DrawRectangle.m in Sources */ = {isa = PBXBuildFile; fileRef = 87C8B0F72429BCD20016848E /* DrawRectangle.m */; };
		87C8B1132429BCD20016848E /* DrawText.m in Sources */ = {isa = PBXBuildFile; fileRef = 87C8B0F82429BCD20016848E /* DrawText.m */; };
		87C8B1142429BCD20016848E /* DrawCircle.h in Headers */ = {isa = PBXBuildFile; fileRef = 87C8B0F92429BCD20016848E /* DrawCircle.h */; };
		87C8B1152429BCD20016848E /* DrawPen.mm in Sources */ = {isa = PBXBuildFile; fileRef = 87C8B0FA2429BCD20016848E /* DrawPen.mm */; };
		87C8B1162429BCD20016848E /* DrawLine.m in Sources */ = {isa = PBXBuildFile; fileRef = 87C8B0FB2429BCD20016848E /* DrawLine.m */; };
		87C8B1172429BCD20016848E /* DrawText.h in Headers */ = {isa = PBXBuildFile; fileRef = 87C8B0FC2429BCD20016848E /* DrawText.h */; };
		87C8B1182429BCD20016848E /* DrawRectangle.h in Headers */ = {isa = PBXBuildFile; fileRef = 87C8B0FD2429BCD20016848E /* DrawRectangle.h */; };
		87C8B1192429BCD20016848E /* DrawPen.h in Headers */ = {isa = PBXBuildFile; fileRef = 87C8B0FE2429BCD20016848E /* DrawPen.h */; };
		87C8B11A2429BCD20016848E /* LaserPan.h in Headers */ = {isa = PBXBuildFile; fileRef = 87C8B0FF2429BCD20016848E /* LaserPan.h */; };
		87C8B11B2429BCD20016848E /* DrawBase.h in Headers */ = {isa = PBXBuildFile; fileRef = 87C8B1012429BCD20016848E /* DrawBase.h */; };
		87C8B11C2429BCD20016848E /* DrawBase.m in Sources */ = {isa = PBXBuildFile; fileRef = 87C8B1022429BCD20016848E /* DrawBase.m */; };
		87C8B122242C3ED00016848E /* YSPreloadProgressView.m in Sources */ = {isa = PBXBuildFile; fileRef = 87C8B11E242C3ED00016848E /* YSPreloadProgressView.m */; };
		87C8B123242C3ED00016848E /* YSDownloader.m in Sources */ = {isa = PBXBuildFile; fileRef = 87C8B11F242C3ED00016848E /* YSDownloader.m */; };
		87C8B124242C3ED00016848E /* YSPreloadProgressView.h in Headers */ = {isa = PBXBuildFile; fileRef = 87C8B120242C3ED00016848E /* YSPreloadProgressView.h */; };
		87C8B125242C3ED00016848E /* YSDownloader.h in Headers */ = {isa = PBXBuildFile; fileRef = 87C8B121242C3ED00016848E /* YSDownloader.h */; };
		87C8B1502432F19E0016848E /* YSWhiteBoardMacro.h in Headers */ = {isa = PBXBuildFile; fileRef = 87AD1610242725EB00EAE233 /* YSWhiteBoardMacro.h */; settings = {ATTRIBUTES = (Public, ); }; };
		87C8B1512432F19E0016848E /* YSWhiteBoardDefines.h in Headers */ = {isa = PBXBuildFile; fileRef = 87AD161B2427586700EAE233 /* YSWhiteBoardDefines.h */; settings = {ATTRIBUTES = (Public, ); }; };
		87C8B1522432F19E0016848E /* YSWhiteBoardManagerDelegate.h in Headers */ = {isa = PBXBuildFile; fileRef = 87AD16262428449000EAE233 /* YSWhiteBoardManagerDelegate.h */; settings = {ATTRIBUTES = (Public, ); }; };
/* End PBXBuildFile section */

/* Begin PBXFileReference section */
		040812612435873C00900963 /* YSRoomSDK.framework */ = {isa = PBXFileReference; lastKnownFileType = wrapper.framework; path = YSRoomSDK.framework; sourceTree = "<group>"; };
		040812642435881000900963 /* BMKit.framework */ = {isa = PBXFileReference; lastKnownFileType = wrapper.framework; path = BMKit.framework; sourceTree = "<group>"; };
		040812652435881000900963 /* BMTZImagePickerController.bundle */ = {isa = PBXFileReference; lastKnownFileType = "wrapper.plug-in"; path = BMTZImagePickerController.bundle; sourceTree = "<group>"; };
		040812662435881000900963 /* BMKitImage.xcassets */ = {isa = PBXFileReference; lastKnownFileType = folder.assetcatalog; path = BMKitImage.xcassets; sourceTree = "<group>"; };
		040812672435881000900963 /* BMKitResources.bundle */ = {isa = PBXFileReference; lastKnownFileType = "wrapper.plug-in"; path = BMKitResources.bundle; sourceTree = "<group>"; };
		040812682435881000900963 /* BMDatePicker.nib */ = {isa = PBXFileReference; lastKnownFileType = wrapper.nib; path = BMDatePicker.nib; sourceTree = "<group>"; };
		0408126F2435894A00900963 /* YSBrushToolsManager.h */ = {isa = PBXFileReference; lastKnownFileType = sourcecode.c.h; path = YSBrushToolsManager.h; sourceTree = "<group>"; };
		040812702435894A00900963 /* YSBrushToolsManager.m */ = {isa = PBXFileReference; lastKnownFileType = sourcecode.c.objc; path = YSBrushToolsManager.m; sourceTree = "<group>"; };
		041CEADB24514C3E00E07723 /* YSWhiteBoardImage.xcassets */ = {isa = PBXFileReference; lastKnownFileType = folder.assetcatalog; path = YSWhiteBoardImage.xcassets; sourceTree = "<group>"; };
		041CEADD245169A300E07723 /* YSWhiteBoardControlView.h */ = {isa = PBXFileReference; lastKnownFileType = sourcecode.c.h; path = YSWhiteBoardControlView.h; sourceTree = "<group>"; };
		041CEADE245169A300E07723 /* YSWhiteBoardControlView.m */ = {isa = PBXFileReference; lastKnownFileType = sourcecode.c.objc; path = YSWhiteBoardControlView.m; sourceTree = "<group>"; };
		042F2F902435BDEE00838154 /* YSBrushToolsConfigs.h */ = {isa = PBXFileReference; lastKnownFileType = sourcecode.c.h; path = YSBrushToolsConfigs.h; sourceTree = "<group>"; };
		042F2F912435BDEE00838154 /* YSBrushToolsConfigs.m */ = {isa = PBXFileReference; lastKnownFileType = sourcecode.c.objc; path = YSBrushToolsConfigs.m; sourceTree = "<group>"; };
		042F2F952435DD3E00838154 /* YSCoursewareControlView.h */ = {isa = PBXFileReference; lastKnownFileType = sourcecode.c.h; path = YSCoursewareControlView.h; sourceTree = "<group>"; };
		042F2F962435DD3E00838154 /* YSCoursewareControlView.m */ = {isa = PBXFileReference; lastKnownFileType = sourcecode.c.objc; path = YSCoursewareControlView.m; sourceTree = "<group>"; };
		044733A02456C47E009ACB27 /* YSWhiteBoardTopBar.m */ = {isa = PBXFileReference; fileEncoding = 4; lastKnownFileType = sourcecode.c.objc; path = YSWhiteBoardTopBar.m; sourceTree = "<group>"; };
		044733A12456C47E009ACB27 /* YSWhiteBoardTopBar.h */ = {isa = PBXFileReference; fileEncoding = 4; lastKnownFileType = sourcecode.c.h; path = YSWhiteBoardTopBar.h; sourceTree = "<group>"; };
		263C8A20245599BA00FDA6E8 /* YSWBMp3Controlview.h */ = {isa = PBXFileReference; fileEncoding = 4; lastKnownFileType = sourcecode.c.h; path = YSWBMp3Controlview.h; sourceTree = "<group>"; };
		263C8A21245599BA00FDA6E8 /* YSWBMp4ControlView.h */ = {isa = PBXFileReference; fileEncoding = 4; lastKnownFileType = sourcecode.c.h; path = YSWBMp4ControlView.h; sourceTree = "<group>"; };
		263C8A22245599BA00FDA6E8 /* YSWBMediaSlider.m */ = {isa = PBXFileReference; fileEncoding = 4; lastKnownFileType = sourcecode.c.objc; path = YSWBMediaSlider.m; sourceTree = "<group>"; };
		263C8A23245599BA00FDA6E8 /* YSWBMp4ControlView.m */ = {isa = PBXFileReference; fileEncoding = 4; lastKnownFileType = sourcecode.c.objc; path = YSWBMp4ControlView.m; sourceTree = "<group>"; };
		263C8A24245599BA00FDA6E8 /* YSWBMp3Controlview.m */ = {isa = PBXFileReference; fileEncoding = 4; lastKnownFileType = sourcecode.c.objc; path = YSWBMp3Controlview.m; sourceTree = "<group>"; };
		263C8A25245599BA00FDA6E8 /* YSWBMediaSlider.h */ = {isa = PBXFileReference; fileEncoding = 4; lastKnownFileType = sourcecode.c.h; path = YSWBMediaSlider.h; sourceTree = "<group>"; };
		26ACB4BA2446F3E300C8B149 /* YSRoomSDK.framework */ = {isa = PBXFileReference; lastKnownFileType = wrapper.framework; name = YSRoomSDK.framework; path = YSWhiteBoard/YSRoomSDK.framework; sourceTree = SOURCE_ROOT; };
		26ACB4BD2446F7C500C8B149 /* NSURLProtocol+YSWhiteBoard.m */ = {isa = PBXFileReference; fileEncoding = 4; lastKnownFileType = sourcecode.c.objc; path = "NSURLProtocol+YSWhiteBoard.m"; sourceTree = "<group>"; };
		26ACB4BE2446F7C500C8B149 /* YSWhiteBordNSURLProtocol.h */ = {isa = PBXFileReference; fileEncoding = 4; lastKnownFileType = sourcecode.c.h; path = YSWhiteBordNSURLProtocol.h; sourceTree = "<group>"; };
		26ACB4BF2446F7C500C8B149 /* YSWhiteBordHttpDNSUtil.h */ = {isa = PBXFileReference; fileEncoding = 4; lastKnownFileType = sourcecode.c.h; path = YSWhiteBordHttpDNSUtil.h; sourceTree = "<group>"; };
		26ACB4C02446F7C500C8B149 /* NSURLRequest+YSWhiteBoard.m */ = {isa = PBXFileReference; fileEncoding = 4; lastKnownFileType = sourcecode.c.objc; path = "NSURLRequest+YSWhiteBoard.m"; sourceTree = "<group>"; };
		26ACB4C12446F7C500C8B149 /* YSWhiteBordNSURLProtocol.m */ = {isa = PBXFileReference; fileEncoding = 4; lastKnownFileType = sourcecode.c.objc; path = YSWhiteBordNSURLProtocol.m; sourceTree = "<group>"; };
		26ACB4C22446F7C500C8B149 /* NSURLProtocol+YSWhiteBoard.h */ = {isa = PBXFileReference; fileEncoding = 4; lastKnownFileType = sourcecode.c.h; path = "NSURLProtocol+YSWhiteBoard.h"; sourceTree = "<group>"; };
		26ACB4C32446F7C500C8B149 /* NSURLRequest+YSWhiteBoard.h */ = {isa = PBXFileReference; fileEncoding = 4; lastKnownFileType = sourcecode.c.h; path = "NSURLRequest+YSWhiteBoard.h"; sourceTree = "<group>"; };
		26ACB4C42446F7C500C8B149 /* YSWhiteBordHttpDNSUtil.m */ = {isa = PBXFileReference; fileEncoding = 4; lastKnownFileType = sourcecode.c.objc; path = YSWhiteBordHttpDNSUtil.m; sourceTree = "<group>"; };
		8732B8D024270E18005BEB99 /* YSWhiteBoard.framework */ = {isa = PBXFileReference; explicitFileType = wrapper.framework; includeInIndex = 0; path = YSWhiteBoard.framework; sourceTree = BUILT_PRODUCTS_DIR; };
		8732B8D324270E18005BEB99 /* YSWhiteBoard.h */ = {isa = PBXFileReference; lastKnownFileType = sourcecode.c.h; path = YSWhiteBoard.h; sourceTree = "<group>"; };
		8732B8D424270E18005BEB99 /* Info.plist */ = {isa = PBXFileReference; lastKnownFileType = text.plist.xml; path = Info.plist; sourceTree = "<group>"; };
		877F39582455290C0086D7E2 /* YSWhiteBoardResources.bundle */ = {isa = PBXFileReference; lastKnownFileType = "wrapper.plug-in"; path = YSWhiteBoardResources.bundle; sourceTree = "<group>"; };
		877F395A24555DDC0086D7E2 /* YSMediaFileModel.h */ = {isa = PBXFileReference; lastKnownFileType = sourcecode.c.h; path = YSMediaFileModel.h; sourceTree = "<group>"; };
		877F395B24555DDC0086D7E2 /* YSMediaFileModel.m */ = {isa = PBXFileReference; lastKnownFileType = sourcecode.c.objc; path = YSMediaFileModel.m; sourceTree = "<group>"; };
		877F395E2456ACB20086D7E2 /* YSWBMediaControlviewDelegate.h */ = {isa = PBXFileReference; lastKnownFileType = sourcecode.c.h; path = YSWBMediaControlviewDelegate.h; sourceTree = "<group>"; };
		877F39662457E4EB0086D7E2 /* YSWBMediaMarkView.h */ = {isa = PBXFileReference; fileEncoding = 4; lastKnownFileType = sourcecode.c.h; path = YSWBMediaMarkView.h; sourceTree = "<group>"; };
		877F39672457E4EB0086D7E2 /* YSWBMediaMarkView.m */ = {isa = PBXFileReference; fileEncoding = 4; lastKnownFileType = sourcecode.c.objc; path = YSWBMediaMarkView.m; sourceTree = "<group>"; };
		87AD15FE242721F000EAE233 /* YSWhiteBoardManager.h */ = {isa = PBXFileReference; lastKnownFileType = sourcecode.c.h; path = YSWhiteBoardManager.h; sourceTree = "<group>"; };
		87AD15FF242721F000EAE233 /* YSWhiteBoardManager.m */ = {isa = PBXFileReference; lastKnownFileType = sourcecode.c.objc; path = YSWhiteBoardManager.m; sourceTree = "<group>"; };
		87AD1610242725EB00EAE233 /* YSWhiteBoardMacro.h */ = {isa = PBXFileReference; lastKnownFileType = sourcecode.c.h; path = YSWhiteBoardMacro.h; sourceTree = "<group>"; };
		87AD16172427554900EAE233 /* YSRoomConfiguration.h */ = {isa = PBXFileReference; fileEncoding = 4; lastKnownFileType = sourcecode.c.h; path = YSRoomConfiguration.h; sourceTree = "<group>"; };
		87AD16182427554900EAE233 /* YSRoomConfiguration.m */ = {isa = PBXFileReference; fileEncoding = 4; lastKnownFileType = sourcecode.c.objc; path = YSRoomConfiguration.m; sourceTree = "<group>"; };
		87AD161B2427586700EAE233 /* YSWhiteBoardDefines.h */ = {isa = PBXFileReference; lastKnownFileType = sourcecode.c.h; path = YSWhiteBoardDefines.h; sourceTree = "<group>"; };
		87AD16262428449000EAE233 /* YSWhiteBoardManagerDelegate.h */ = {isa = PBXFileReference; lastKnownFileType = sourcecode.c.h; path = YSWhiteBoardManagerDelegate.h; sourceTree = "<group>"; };
		87AD162724284E8E00EAE233 /* YSRoomUtil.h */ = {isa = PBXFileReference; lastKnownFileType = sourcecode.c.h; path = YSRoomUtil.h; sourceTree = "<group>"; };
		87AD162824284E8E00EAE233 /* YSRoomUtil.m */ = {isa = PBXFileReference; lastKnownFileType = sourcecode.c.objc; path = YSRoomUtil.m; sourceTree = "<group>"; };
		87AD162F242859A900EAE233 /* YSWBLogger.h */ = {isa = PBXFileReference; fileEncoding = 4; lastKnownFileType = sourcecode.c.h; path = YSWBLogger.h; sourceTree = "<group>"; };
		87AD1630242859A900EAE233 /* YSWBLogger.m */ = {isa = PBXFileReference; fileEncoding = 4; lastKnownFileType = sourcecode.c.objc; path = YSWBLogger.m; sourceTree = "<group>"; };
		87AD16352428B68400EAE233 /* YSWBDrawViewManager.h */ = {isa = PBXFileReference; fileEncoding = 4; lastKnownFileType = sourcecode.c.h; path = YSWBDrawViewManager.h; sourceTree = "<group>"; };
		87AD16362428B68400EAE233 /* YSWBDrawViewManager.m */ = {isa = PBXFileReference; fileEncoding = 4; lastKnownFileType = sourcecode.c.objc; path = YSWBDrawViewManager.m; sourceTree = "<group>"; };
		87AD16382428B68400EAE233 /* YSWBWebViewManager.h */ = {isa = PBXFileReference; fileEncoding = 4; lastKnownFileType = sourcecode.c.h; path = YSWBWebViewManager.h; sourceTree = "<group>"; };
		87AD16392428B68400EAE233 /* YSWKWebViewWeakDelegate.h */ = {isa = PBXFileReference; fileEncoding = 4; lastKnownFileType = sourcecode.c.h; path = YSWKWebViewWeakDelegate.h; sourceTree = "<group>"; };
		87AD163A2428B68400EAE233 /* YSWBWebViewManager.m */ = {isa = PBXFileReference; fileEncoding = 4; lastKnownFileType = sourcecode.c.objc; path = YSWBWebViewManager.m; sourceTree = "<group>"; };
		87AD163B2428B68400EAE233 /* YSWKWebViewWeakDelegate.m */ = {isa = PBXFileReference; fileEncoding = 4; lastKnownFileType = sourcecode.c.objc; path = YSWKWebViewWeakDelegate.m; sourceTree = "<group>"; };
		87AD16422428B6AB00EAE233 /* YSWhiteBoardView.h */ = {isa = PBXFileReference; lastKnownFileType = sourcecode.c.h; path = YSWhiteBoardView.h; sourceTree = "<group>"; };
		87AD16432428B6AB00EAE233 /* YSWhiteBoardView.m */ = {isa = PBXFileReference; lastKnownFileType = sourcecode.c.objc; path = YSWhiteBoardView.m; sourceTree = "<group>"; };
		87C8B0852429B9150016848E /* YSWhiteBoardEnum.h */ = {isa = PBXFileReference; fileEncoding = 4; lastKnownFileType = sourcecode.c.h; path = YSWhiteBoardEnum.h; sourceTree = "<group>"; };
		87C8B08C2429B9D20016848E /* VYSDWebImageDownloaderOperation.m */ = {isa = PBXFileReference; fileEncoding = 4; lastKnownFileType = sourcecode.c.objc; path = VYSDWebImageDownloaderOperation.m; sourceTree = "<group>"; };
		87C8B08D2429B9D20016848E /* VYSDImageCacheConfig.h */ = {isa = PBXFileReference; fileEncoding = 4; lastKnownFileType = sourcecode.c.h; path = VYSDImageCacheConfig.h; sourceTree = "<group>"; };
		87C8B08E2429B9D20016848E /* VYSDWebImageCompat.h */ = {isa = PBXFileReference; fileEncoding = 4; lastKnownFileType = sourcecode.c.h; path = VYSDWebImageCompat.h; sourceTree = "<group>"; };
		87C8B08F2429B9D20016848E /* MKAnnotationView+VYWebCache.m */ = {isa = PBXFileReference; fileEncoding = 4; lastKnownFileType = sourcecode.c.objc; path = "MKAnnotationView+VYWebCache.m"; sourceTree = "<group>"; };
		87C8B0902429B9D20016848E /* UIImage+VYMultiFormat.m */ = {isa = PBXFileReference; fileEncoding = 4; lastKnownFileType = sourcecode.c.objc; path = "UIImage+VYMultiFormat.m"; sourceTree = "<group>"; };
		87C8B0912429B9D20016848E /* UIImageView+VYHighlightedWebCache.h */ = {isa = PBXFileReference; fileEncoding = 4; lastKnownFileType = sourcecode.c.h; path = "UIImageView+VYHighlightedWebCache.h"; sourceTree = "<group>"; };
		87C8B0922429B9D20016848E /* NSData+VYImageContentType.m */ = {isa = PBXFileReference; fileEncoding = 4; lastKnownFileType = sourcecode.c.objc; path = "NSData+VYImageContentType.m"; sourceTree = "<group>"; };
		87C8B0932429B9D20016848E /* UIImageView+VYWebCache.m */ = {isa = PBXFileReference; fileEncoding = 4; lastKnownFileType = sourcecode.c.objc; path = "UIImageView+VYWebCache.m"; sourceTree = "<group>"; };
		87C8B0942429B9D20016848E /* UIButton+VYWebCache.m */ = {isa = PBXFileReference; fileEncoding = 4; lastKnownFileType = sourcecode.c.objc; path = "UIButton+VYWebCache.m"; sourceTree = "<group>"; };
		87C8B0952429B9D20016848E /* VYSDImageCache.m */ = {isa = PBXFileReference; fileEncoding = 4; lastKnownFileType = sourcecode.c.objc; path = VYSDImageCache.m; sourceTree = "<group>"; };
		87C8B0962429B9D20016848E /* VYSDWebImageDecoder.m */ = {isa = PBXFileReference; fileEncoding = 4; lastKnownFileType = sourcecode.c.objc; path = VYSDWebImageDecoder.m; sourceTree = "<group>"; };
		87C8B0972429B9D20016848E /* VYSDWebImageManager.m */ = {isa = PBXFileReference; fileEncoding = 4; lastKnownFileType = sourcecode.c.objc; path = VYSDWebImageManager.m; sourceTree = "<group>"; };
		87C8B0982429B9D20016848E /* UIView+VYWebCache.h */ = {isa = PBXFileReference; fileEncoding = 4; lastKnownFileType = sourcecode.c.h; path = "UIView+VYWebCache.h"; sourceTree = "<group>"; };
		87C8B0992429B9D20016848E /* NSImage+VYWebCache.h */ = {isa = PBXFileReference; fileEncoding = 4; lastKnownFileType = sourcecode.c.h; path = "NSImage+VYWebCache.h"; sourceTree = "<group>"; };
		87C8B09A2429B9D20016848E /* VYSDWebImagePrefetcher.m */ = {isa = PBXFileReference; fileEncoding = 4; lastKnownFileType = sourcecode.c.objc; path = VYSDWebImagePrefetcher.m; sourceTree = "<group>"; };
		87C8B09B2429B9D20016848E /* UIImage+VYWebP.h */ = {isa = PBXFileReference; fileEncoding = 4; lastKnownFileType = sourcecode.c.h; path = "UIImage+VYWebP.h"; sourceTree = "<group>"; };
		87C8B09C2429B9D20016848E /* VYSDWebImageDownloader.m */ = {isa = PBXFileReference; fileEncoding = 4; lastKnownFileType = sourcecode.c.objc; path = VYSDWebImageDownloader.m; sourceTree = "<group>"; };
		87C8B09D2429B9D20016848E /* UIImage+VYGIF.m */ = {isa = PBXFileReference; fileEncoding = 4; lastKnownFileType = sourcecode.c.objc; path = "UIImage+VYGIF.m"; sourceTree = "<group>"; };
		87C8B09E2429B9D20016848E /* UIView+VYWebCacheOperation.m */ = {isa = PBXFileReference; fileEncoding = 4; lastKnownFileType = sourcecode.c.objc; path = "UIView+VYWebCacheOperation.m"; sourceTree = "<group>"; };
		87C8B09F2429B9D20016848E /* MKAnnotationView+VYWebCache.h */ = {isa = PBXFileReference; fileEncoding = 4; lastKnownFileType = sourcecode.c.h; path = "MKAnnotationView+VYWebCache.h"; sourceTree = "<group>"; };
		87C8B0A02429B9D20016848E /* VYSDWebImageCompat.m */ = {isa = PBXFileReference; fileEncoding = 4; lastKnownFileType = sourcecode.c.objc; path = VYSDWebImageCompat.m; sourceTree = "<group>"; };
		87C8B0A12429B9D20016848E /* VYSDImageCacheConfig.m */ = {isa = PBXFileReference; fileEncoding = 4; lastKnownFileType = sourcecode.c.objc; path = VYSDImageCacheConfig.m; sourceTree = "<group>"; };
		87C8B0A22429B9D20016848E /* VYSDWebImageDownloaderOperation.h */ = {isa = PBXFileReference; fileEncoding = 4; lastKnownFileType = sourcecode.c.h; path = VYSDWebImageDownloaderOperation.h; sourceTree = "<group>"; };
		87C8B0A32429B9D20016848E /* UIImageView+VYWebCache.h */ = {isa = PBXFileReference; fileEncoding = 4; lastKnownFileType = sourcecode.c.h; path = "UIImageView+VYWebCache.h"; sourceTree = "<group>"; };
		87C8B0A42429B9D20016848E /* NSData+VYImageContentType.h */ = {isa = PBXFileReference; fileEncoding = 4; lastKnownFileType = sourcecode.c.h; path = "NSData+VYImageContentType.h"; sourceTree = "<group>"; };
		87C8B0A52429B9D20016848E /* UIImageView+VYHighlightedWebCache.m */ = {isa = PBXFileReference; fileEncoding = 4; lastKnownFileType = sourcecode.c.objc; path = "UIImageView+VYHighlightedWebCache.m"; sourceTree = "<group>"; };
		87C8B0A62429B9D20016848E /* UIImage+VYMultiFormat.h */ = {isa = PBXFileReference; fileEncoding = 4; lastKnownFileType = sourcecode.c.h; path = "UIImage+VYMultiFormat.h"; sourceTree = "<group>"; };
		87C8B0A72429B9D20016848E /* VYSDWebImagePrefetcher.h */ = {isa = PBXFileReference; fileEncoding = 4; lastKnownFileType = sourcecode.c.h; path = VYSDWebImagePrefetcher.h; sourceTree = "<group>"; };
		87C8B0A82429B9D20016848E /* UIView+VYWebCache.m */ = {isa = PBXFileReference; fileEncoding = 4; lastKnownFileType = sourcecode.c.objc; path = "UIView+VYWebCache.m"; sourceTree = "<group>"; };
		87C8B0A92429B9D20016848E /* NSImage+VYWebCache.m */ = {isa = PBXFileReference; fileEncoding = 4; lastKnownFileType = sourcecode.c.objc; path = "NSImage+VYWebCache.m"; sourceTree = "<group>"; };
		87C8B0AA2429B9D20016848E /* VYSDWebImageManager.h */ = {isa = PBXFileReference; fileEncoding = 4; lastKnownFileType = sourcecode.c.h; path = VYSDWebImageManager.h; sourceTree = "<group>"; };
		87C8B0AB2429B9D20016848E /* VYSDWebImageDecoder.h */ = {isa = PBXFileReference; fileEncoding = 4; lastKnownFileType = sourcecode.c.h; path = VYSDWebImageDecoder.h; sourceTree = "<group>"; };
		87C8B0AC2429B9D20016848E /* VYSDImageCache.h */ = {isa = PBXFileReference; fileEncoding = 4; lastKnownFileType = sourcecode.c.h; path = VYSDImageCache.h; sourceTree = "<group>"; };
		87C8B0AD2429B9D20016848E /* UIButton+VYWebCache.h */ = {isa = PBXFileReference; fileEncoding = 4; lastKnownFileType = sourcecode.c.h; path = "UIButton+VYWebCache.h"; sourceTree = "<group>"; };
		87C8B0AE2429B9D20016848E /* UIView+VYWebCacheOperation.h */ = {isa = PBXFileReference; fileEncoding = 4; lastKnownFileType = sourcecode.c.h; path = "UIView+VYWebCacheOperation.h"; sourceTree = "<group>"; };
		87C8B0AF2429B9D20016848E /* VYSDWebImageOperation.h */ = {isa = PBXFileReference; fileEncoding = 4; lastKnownFileType = sourcecode.c.h; path = VYSDWebImageOperation.h; sourceTree = "<group>"; };
		87C8B0B02429B9D20016848E /* UIImage+VYGIF.h */ = {isa = PBXFileReference; fileEncoding = 4; lastKnownFileType = sourcecode.c.h; path = "UIImage+VYGIF.h"; sourceTree = "<group>"; };
		87C8B0B12429B9D20016848E /* VYSDWebImageDownloader.h */ = {isa = PBXFileReference; fileEncoding = 4; lastKnownFileType = sourcecode.c.h; path = VYSDWebImageDownloader.h; sourceTree = "<group>"; };
		87C8B0B22429B9D20016848E /* UIImage+VYWebP.m */ = {isa = PBXFileReference; fileEncoding = 4; lastKnownFileType = sourcecode.c.objc; path = "UIImage+VYWebP.m"; sourceTree = "<group>"; };
		87C8B0DE2429BB8B0016848E /* HSV.h */ = {isa = PBXFileReference; fileEncoding = 4; lastKnownFileType = sourcecode.c.h; path = HSV.h; sourceTree = "<group>"; };
		87C8B0E12429BC8D0016848E /* HSV.mm */ = {isa = PBXFileReference; fileEncoding = 4; lastKnownFileType = sourcecode.cpp.objcpp; path = HSV.mm; sourceTree = "<group>"; };
		87C8B0E42429BCD20016848E /* YSDrawView.m */ = {isa = PBXFileReference; fileEncoding = 4; lastKnownFileType = sourcecode.c.objc; path = YSDrawView.m; sourceTree = "<group>"; };
		87C8B0E52429BCD20016848E /* YSDrawView.h */ = {isa = PBXFileReference; fileEncoding = 4; lastKnownFileType = sourcecode.c.h; path = YSDrawView.h; sourceTree = "<group>"; };
		87C8B0E72429BCD20016848E /* YSFileModel.m */ = {isa = PBXFileReference; fileEncoding = 4; lastKnownFileType = sourcecode.c.objc; path = YSFileModel.m; sourceTree = "<group>"; };
		87C8B0E82429BCD20016848E /* YSFileModel.h */ = {isa = PBXFileReference; fileEncoding = 4; lastKnownFileType = sourcecode.c.h; path = YSFileModel.h; sourceTree = "<group>"; };
		87C8B0EB2429BCD20016848E /* DocShowView.h */ = {isa = PBXFileReference; fileEncoding = 4; lastKnownFileType = sourcecode.c.h; path = DocShowView.h; sourceTree = "<group>"; };
		87C8B0EC2429BCD20016848E /* LKPDFView.m */ = {isa = PBXFileReference; fileEncoding = 4; lastKnownFileType = sourcecode.c.objc; path = LKPDFView.m; sourceTree = "<group>"; };
		87C8B0ED2429BCD20016848E /* DocUnderView.m */ = {isa = PBXFileReference; fileEncoding = 4; lastKnownFileType = sourcecode.c.objc; path = DocUnderView.m; sourceTree = "<group>"; };
		87C8B0EE2429BCD20016848E /* DocShowView.m */ = {isa = PBXFileReference; fileEncoding = 4; lastKnownFileType = sourcecode.c.objc; path = DocShowView.m; sourceTree = "<group>"; };
		87C8B0EF2429BCD20016848E /* DrawView.h */ = {isa = PBXFileReference; fileEncoding = 4; lastKnownFileType = sourcecode.c.h; path = DrawView.h; sourceTree = "<group>"; };
		87C8B0F02429BCD20016848E /* DocUnderView.h */ = {isa = PBXFileReference; fileEncoding = 4; lastKnownFileType = sourcecode.c.h; path = DocUnderView.h; sourceTree = "<group>"; };
		87C8B0F12429BCD20016848E /* LKPDFView.h */ = {isa = PBXFileReference; fileEncoding = 4; lastKnownFileType = sourcecode.c.h; path = LKPDFView.h; sourceTree = "<group>"; };
		87C8B0F22429BCD20016848E /* DrawView.mm */ = {isa = PBXFileReference; fileEncoding = 4; lastKnownFileType = sourcecode.cpp.objcpp; path = DrawView.mm; sourceTree = "<group>"; };
		87C8B0F42429BCD20016848E /* DrawLine.h */ = {isa = PBXFileReference; fileEncoding = 4; lastKnownFileType = sourcecode.c.h; path = DrawLine.h; sourceTree = "<group>"; };
		87C8B0F52429BCD20016848E /* DrawCircle.m */ = {isa = PBXFileReference; fileEncoding = 4; lastKnownFileType = sourcecode.c.objc; path = DrawCircle.m; sourceTree = "<group>"; };
		87C8B0F62429BCD20016848E /* LaserPan.m */ = {isa = PBXFileReference; fileEncoding = 4; lastKnownFileType = sourcecode.c.objc; path = LaserPan.m; sourceTree = "<group>"; };
		87C8B0F72429BCD20016848E /* DrawRectangle.m */ = {isa = PBXFileReference; fileEncoding = 4; lastKnownFileType = sourcecode.c.objc; path = DrawRectangle.m; sourceTree = "<group>"; };
		87C8B0F82429BCD20016848E /* DrawText.m */ = {isa = PBXFileReference; fileEncoding = 4; lastKnownFileType = sourcecode.c.objc; path = DrawText.m; sourceTree = "<group>"; };
		87C8B0F92429BCD20016848E /* DrawCircle.h */ = {isa = PBXFileReference; fileEncoding = 4; lastKnownFileType = sourcecode.c.h; path = DrawCircle.h; sourceTree = "<group>"; };
		87C8B0FA2429BCD20016848E /* DrawPen.mm */ = {isa = PBXFileReference; fileEncoding = 4; lastKnownFileType = sourcecode.cpp.objcpp; path = DrawPen.mm; sourceTree = "<group>"; };
		87C8B0FB2429BCD20016848E /* DrawLine.m */ = {isa = PBXFileReference; fileEncoding = 4; lastKnownFileType = sourcecode.c.objc; path = DrawLine.m; sourceTree = "<group>"; };
		87C8B0FC2429BCD20016848E /* DrawText.h */ = {isa = PBXFileReference; fileEncoding = 4; lastKnownFileType = sourcecode.c.h; path = DrawText.h; sourceTree = "<group>"; };
		87C8B0FD2429BCD20016848E /* DrawRectangle.h */ = {isa = PBXFileReference; fileEncoding = 4; lastKnownFileType = sourcecode.c.h; path = DrawRectangle.h; sourceTree = "<group>"; };
		87C8B0FE2429BCD20016848E /* DrawPen.h */ = {isa = PBXFileReference; fileEncoding = 4; lastKnownFileType = sourcecode.c.h; path = DrawPen.h; sourceTree = "<group>"; };
		87C8B0FF2429BCD20016848E /* LaserPan.h */ = {isa = PBXFileReference; fileEncoding = 4; lastKnownFileType = sourcecode.c.h; path = LaserPan.h; sourceTree = "<group>"; };
		87C8B1012429BCD20016848E /* DrawBase.h */ = {isa = PBXFileReference; fileEncoding = 4; lastKnownFileType = sourcecode.c.h; path = DrawBase.h; sourceTree = "<group>"; };
		87C8B1022429BCD20016848E /* DrawBase.m */ = {isa = PBXFileReference; fileEncoding = 4; lastKnownFileType = sourcecode.c.objc; path = DrawBase.m; sourceTree = "<group>"; };
		87C8B11E242C3ED00016848E /* YSPreloadProgressView.m */ = {isa = PBXFileReference; fileEncoding = 4; lastKnownFileType = sourcecode.c.objc; path = YSPreloadProgressView.m; sourceTree = "<group>"; };
		87C8B11F242C3ED00016848E /* YSDownloader.m */ = {isa = PBXFileReference; fileEncoding = 4; lastKnownFileType = sourcecode.c.objc; path = YSDownloader.m; sourceTree = "<group>"; };
		87C8B120242C3ED00016848E /* YSPreloadProgressView.h */ = {isa = PBXFileReference; fileEncoding = 4; lastKnownFileType = sourcecode.c.h; path = YSPreloadProgressView.h; sourceTree = "<group>"; };
		87C8B121242C3ED00016848E /* YSDownloader.h */ = {isa = PBXFileReference; fileEncoding = 4; lastKnownFileType = sourcecode.c.h; path = YSDownloader.h; sourceTree = "<group>"; };
		87C8B127242C3F910016848E /* ZipArchive.h */ = {isa = PBXFileReference; lastKnownFileType = sourcecode.c.h; path = ZipArchive.h; sourceTree = "<group>"; };
		87C8B129242C3F910016848E /* crypt.c */ = {isa = PBXFileReference; lastKnownFileType = sourcecode.c.c; path = crypt.c; sourceTree = "<group>"; };
		87C8B12A242C3F910016848E /* unzip.c */ = {isa = PBXFileReference; lastKnownFileType = sourcecode.c.c; path = unzip.c; sourceTree = "<group>"; };
		87C8B12B242C3F910016848E /* zip.c */ = {isa = PBXFileReference; lastKnownFileType = sourcecode.c.c; path = zip.c; sourceTree = "<group>"; };
		87C8B12C242C3F910016848E /* minishared.h */ = {isa = PBXFileReference; lastKnownFileType = sourcecode.c.h; path = minishared.h; sourceTree = "<group>"; };
		87C8B12D242C3F910016848E /* ioapi.c */ = {isa = PBXFileReference; lastKnownFileType = sourcecode.c.c; path = ioapi.c; sourceTree = "<group>"; };
		87C8B12E242C3F910016848E /* ioapi_mem.h */ = {isa = PBXFileReference; lastKnownFileType = sourcecode.c.h; path = ioapi_mem.h; sourceTree = "<group>"; };
		87C8B12F242C3F910016848E /* ioapi_buf.c */ = {isa = PBXFileReference; lastKnownFileType = sourcecode.c.c; path = ioapi_buf.c; sourceTree = "<group>"; };
		87C8B130242C3F910016848E /* crypt.h */ = {isa = PBXFileReference; lastKnownFileType = sourcecode.c.h; path = crypt.h; sourceTree = "<group>"; };
		87C8B131242C3F910016848E /* zip.h */ = {isa = PBXFileReference; lastKnownFileType = sourcecode.c.h; path = zip.h; sourceTree = "<group>"; };
		87C8B132242C3F910016848E /* unzip.h */ = {isa = PBXFileReference; lastKnownFileType = sourcecode.c.h; path = unzip.h; sourceTree = "<group>"; };
		87C8B133242C3F910016848E /* ioapi_mem.c */ = {isa = PBXFileReference; lastKnownFileType = sourcecode.c.c; path = ioapi_mem.c; sourceTree = "<group>"; };
		87C8B134242C3F910016848E /* minishared.c */ = {isa = PBXFileReference; lastKnownFileType = sourcecode.c.c; path = minishared.c; sourceTree = "<group>"; };
		87C8B135242C3F910016848E /* ioapi.h */ = {isa = PBXFileReference; lastKnownFileType = sourcecode.c.h; path = ioapi.h; sourceTree = "<group>"; };
		87C8B136242C3F910016848E /* ioapi_buf.h */ = {isa = PBXFileReference; lastKnownFileType = sourcecode.c.h; path = ioapi_buf.h; sourceTree = "<group>"; };
		87C8B138242C3F910016848E /* prng.h */ = {isa = PBXFileReference; lastKnownFileType = sourcecode.c.h; path = prng.h; sourceTree = "<group>"; };
		87C8B139242C3F910016848E /* aes_ni.h */ = {isa = PBXFileReference; lastKnownFileType = sourcecode.c.h; path = aes_ni.h; sourceTree = "<group>"; };
		87C8B13A242C3F910016848E /* aeskey.c */ = {isa = PBXFileReference; lastKnownFileType = sourcecode.c.c; path = aeskey.c; sourceTree = "<group>"; };
		87C8B13B242C3F910016848E /* hmac.c */ = {isa = PBXFileReference; lastKnownFileType = sourcecode.c.c; path = hmac.c; sourceTree = "<group>"; };
		87C8B13C242C3F910016848E /* aestab.h */ = {isa = PBXFileReference; lastKnownFileType = sourcecode.c.h; path = aestab.h; sourceTree = "<group>"; };
		87C8B13D242C3F910016848E /* pwd2key.h */ = {isa = PBXFileReference; lastKnownFileType = sourcecode.c.h; path = pwd2key.h; sourceTree = "<group>"; };
		87C8B13E242C3F910016848E /* aescrypt.c */ = {isa = PBXFileReference; lastKnownFileType = sourcecode.c.c; path = aescrypt.c; sourceTree = "<group>"; };
		87C8B13F242C3F910016848E /* fileenc.c */ = {isa = PBXFileReference; lastKnownFileType = sourcecode.c.c; path = fileenc.c; sourceTree = "<group>"; };
		87C8B140242C3F910016848E /* aesopt.h */ = {isa = PBXFileReference; lastKnownFileType = sourcecode.c.h; path = aesopt.h; sourceTree = "<group>"; };
		87C8B141242C3F910016848E /* sha1.c */ = {isa = PBXFileReference; lastKnownFileType = sourcecode.c.c; path = sha1.c; sourceTree = "<group>"; };
		87C8B142242C3F910016848E /* brg_types.h */ = {isa = PBXFileReference; lastKnownFileType = sourcecode.c.h; path = brg_types.h; sourceTree = "<group>"; };
		87C8B143242C3F910016848E /* hmac.h */ = {isa = PBXFileReference; lastKnownFileType = sourcecode.c.h; path = hmac.h; sourceTree = "<group>"; };
		87C8B144242C3F910016848E /* aes_ni.c */ = {isa = PBXFileReference; lastKnownFileType = sourcecode.c.c; path = aes_ni.c; sourceTree = "<group>"; };
		87C8B145242C3F910016848E /* brg_endian.h */ = {isa = PBXFileReference; lastKnownFileType = sourcecode.c.h; path = brg_endian.h; sourceTree = "<group>"; };
		87C8B146242C3F910016848E /* prng.c */ = {isa = PBXFileReference; lastKnownFileType = sourcecode.c.c; path = prng.c; sourceTree = "<group>"; };
		87C8B147242C3F910016848E /* aes.h */ = {isa = PBXFileReference; lastKnownFileType = sourcecode.c.h; path = aes.h; sourceTree = "<group>"; };
		87C8B148242C3F910016848E /* pwd2key.c */ = {isa = PBXFileReference; lastKnownFileType = sourcecode.c.c; path = pwd2key.c; sourceTree = "<group>"; };
		87C8B149242C3F910016848E /* aestab.c */ = {isa = PBXFileReference; lastKnownFileType = sourcecode.c.c; path = aestab.c; sourceTree = "<group>"; };
		87C8B14A242C3F910016848E /* sha1.h */ = {isa = PBXFileReference; lastKnownFileType = sourcecode.c.h; path = sha1.h; sourceTree = "<group>"; };
		87C8B14B242C3F910016848E /* fileenc.h */ = {isa = PBXFileReference; lastKnownFileType = sourcecode.c.h; path = fileenc.h; sourceTree = "<group>"; };
		87C8B14C242C3F910016848E /* SSZipArchive.h */ = {isa = PBXFileReference; lastKnownFileType = sourcecode.c.h; path = SSZipArchive.h; sourceTree = "<group>"; };
		87C8B14D242C3F910016848E /* SSZipCommon.h */ = {isa = PBXFileReference; lastKnownFileType = sourcecode.c.h; path = SSZipCommon.h; sourceTree = "<group>"; };
		87C8B14E242C3F910016848E /* SSZipArchive.m */ = {isa = PBXFileReference; lastKnownFileType = sourcecode.c.objc; path = SSZipArchive.m; sourceTree = "<group>"; };
/* End PBXFileReference section */

/* Begin PBXFrameworksBuildPhase section */
		8732B8CD24270E18005BEB99 /* Frameworks */ = {
			isa = PBXFrameworksBuildPhase;
			buildActionMask = 2147483647;
			files = (
				040812692435881000900963 /* BMKit.framework in Frameworks */,
				040812622435873D00900963 /* YSRoomSDK.framework in Frameworks */,
				26ACB4BB2446F3E300C8B149 /* YSRoomSDK.framework in Frameworks */,
			);
			runOnlyForDeploymentPostprocessing = 0;
		};
/* End PBXFrameworksBuildPhase section */

/* Begin PBXGroup section */
		040812632435881000900963 /* BMKit */ = {
			isa = PBXGroup;
			children = (
				26ACB4BA2446F3E300C8B149 /* YSRoomSDK.framework */,
				040812642435881000900963 /* BMKit.framework */,
				040812652435881000900963 /* BMTZImagePickerController.bundle */,
				040812662435881000900963 /* BMKitImage.xcassets */,
				040812672435881000900963 /* BMKitResources.bundle */,
				040812682435881000900963 /* BMDatePicker.nib */,
			);
			path = BMKit;
			sourceTree = "<group>";
		};
		0408126E243588EA00900963 /* YSBrushToolsManager */ = {
			isa = PBXGroup;
			children = (
				0408126F2435894A00900963 /* YSBrushToolsManager.h */,
				040812702435894A00900963 /* YSBrushToolsManager.m */,
				042F2F902435BDEE00838154 /* YSBrushToolsConfigs.h */,
				042F2F912435BDEE00838154 /* YSBrushToolsConfigs.m */,
			);
			path = YSBrushToolsManager;
			sourceTree = "<group>";
		};
		042F2F942435DC3500838154 /* YSPageToolView */ = {
			isa = PBXGroup;
			children = (
				044733A12456C47E009ACB27 /* YSWhiteBoardTopBar.h */,
				044733A02456C47E009ACB27 /* YSWhiteBoardTopBar.m */,
				042F2F952435DD3E00838154 /* YSCoursewareControlView.h */,
				042F2F962435DD3E00838154 /* YSCoursewareControlView.m */,
				041CEADD245169A300E07723 /* YSWhiteBoardControlView.h */,
				041CEADE245169A300E07723 /* YSWhiteBoardControlView.m */,
			);
			path = YSPageToolView;
			sourceTree = "<group>";
		};
		263C8A1F245599BA00FDA6E8 /* YSWBMediaControl */ = {
			isa = PBXGroup;
			children = (
				263C8A25245599BA00FDA6E8 /* YSWBMediaSlider.h */,
				263C8A22245599BA00FDA6E8 /* YSWBMediaSlider.m */,
				877F395E2456ACB20086D7E2 /* YSWBMediaControlviewDelegate.h */,
				263C8A20245599BA00FDA6E8 /* YSWBMp3Controlview.h */,
				263C8A24245599BA00FDA6E8 /* YSWBMp3Controlview.m */,
				263C8A21245599BA00FDA6E8 /* YSWBMp4ControlView.h */,
				263C8A23245599BA00FDA6E8 /* YSWBMp4ControlView.m */,
			);
			path = YSWBMediaControl;
			sourceTree = "<group>";
		};
		26ACB4BC2446F7C500C8B149 /* YSWhiteBordNSURLProtocol */ = {
			isa = PBXGroup;
			children = (
				26ACB4C22446F7C500C8B149 /* NSURLProtocol+YSWhiteBoard.h */,
				26ACB4BD2446F7C500C8B149 /* NSURLProtocol+YSWhiteBoard.m */,
				26ACB4C32446F7C500C8B149 /* NSURLRequest+YSWhiteBoard.h */,
				26ACB4C02446F7C500C8B149 /* NSURLRequest+YSWhiteBoard.m */,
				26ACB4BF2446F7C500C8B149 /* YSWhiteBordHttpDNSUtil.h */,
				26ACB4C42446F7C500C8B149 /* YSWhiteBordHttpDNSUtil.m */,
				26ACB4BE2446F7C500C8B149 /* YSWhiteBordNSURLProtocol.h */,
				26ACB4C12446F7C500C8B149 /* YSWhiteBordNSURLProtocol.m */,
			);
			path = YSWhiteBordNSURLProtocol;
			sourceTree = "<group>";
		};
		8732B8C624270E18005BEB99 = {
			isa = PBXGroup;
			children = (
				87AD16022427232000EAE233 /* YSLib */,
				8732B8D224270E18005BEB99 /* YSWhiteBoard */,
				8732B8D124270E18005BEB99 /* Products */,
			);
			sourceTree = "<group>";
		};
		8732B8D124270E18005BEB99 /* Products */ = {
			isa = PBXGroup;
			children = (
				8732B8D024270E18005BEB99 /* YSWhiteBoard.framework */,
			);
			name = Products;
			sourceTree = "<group>";
		};
		8732B8D224270E18005BEB99 /* YSWhiteBoard */ = {
			isa = PBXGroup;
			children = (
				26ACB4BC2446F7C500C8B149 /* YSWhiteBordNSURLProtocol */,
				87C8B0872429B9D20016848E /* Vendor */,
				87AD16162427554900EAE233 /* YSRoomUtil */,
				87AD16332428B68400EAE233 /* YSWhiteBoardView */,
				8732B8D324270E18005BEB99 /* YSWhiteBoard.h */,
				87AD1610242725EB00EAE233 /* YSWhiteBoardMacro.h */,
				87AD161B2427586700EAE233 /* YSWhiteBoardDefines.h */,
				87C8B0852429B9150016848E /* YSWhiteBoardEnum.h */,
				87AD16262428449000EAE233 /* YSWhiteBoardManagerDelegate.h */,
				87AD15FE242721F000EAE233 /* YSWhiteBoardManager.h */,
				87AD15FF242721F000EAE233 /* YSWhiteBoardManager.m */,
				041CEADB24514C3E00E07723 /* YSWhiteBoardImage.xcassets */,
				877F39582455290C0086D7E2 /* YSWhiteBoardResources.bundle */,
				8732B8D424270E18005BEB99 /* Info.plist */,
			);
			path = YSWhiteBoard;
			sourceTree = "<group>";
		};
		877F39652457E4EB0086D7E2 /* YSWBMediaMarkView */ = {
			isa = PBXGroup;
			children = (
				877F39662457E4EB0086D7E2 /* YSWBMediaMarkView.h */,
				877F39672457E4EB0086D7E2 /* YSWBMediaMarkView.m */,
			);
			path = YSWBMediaMarkView;
			sourceTree = "<group>";
		};
		87AD16022427232000EAE233 /* YSLib */ = {
			isa = PBXGroup;
			children = (
				040812632435881000900963 /* BMKit */,
				040812612435873C00900963 /* YSRoomSDK.framework */,
			);
			path = YSLib;
			sourceTree = "<group>";
		};
		87AD16162427554900EAE233 /* YSRoomUtil */ = {
			isa = PBXGroup;
			children = (
				87AD16172427554900EAE233 /* YSRoomConfiguration.h */,
				87AD16182427554900EAE233 /* YSRoomConfiguration.m */,
				87AD162F242859A900EAE233 /* YSWBLogger.h */,
				87AD1630242859A900EAE233 /* YSWBLogger.m */,
				87AD162724284E8E00EAE233 /* YSRoomUtil.h */,
				87AD162824284E8E00EAE233 /* YSRoomUtil.m */,
			);
			path = YSRoomUtil;
			sourceTree = "<group>";
		};
		87AD16332428B68400EAE233 /* YSWhiteBoardView */ = {
			isa = PBXGroup;
			children = (
				263C8A1F245599BA00FDA6E8 /* YSWBMediaControl */,
				877F39652457E4EB0086D7E2 /* YSWBMediaMarkView */,
				042F2F942435DC3500838154 /* YSPageToolView */,
				0408126E243588EA00900963 /* YSBrushToolsManager */,
				87AD16342428B68400EAE233 /* YSWBDrawViewManager */,
				87AD16372428B68400EAE233 /* YSWBWebViewManager */,
				87AD16422428B6AB00EAE233 /* YSWhiteBoardView.h */,
				87AD16432428B6AB00EAE233 /* YSWhiteBoardView.m */,
			);
			path = YSWhiteBoardView;
			sourceTree = "<group>";
		};
		87AD16342428B68400EAE233 /* YSWBDrawViewManager */ = {
			isa = PBXGroup;
			children = (
				87C8B0E32429BCD20016848E /* YSDrawView */,
				87AD16352428B68400EAE233 /* YSWBDrawViewManager.h */,
				87AD16362428B68400EAE233 /* YSWBDrawViewManager.m */,
			);
			path = YSWBDrawViewManager;
			sourceTree = "<group>";
		};
		87AD16372428B68400EAE233 /* YSWBWebViewManager */ = {
			isa = PBXGroup;
			children = (
				87AD16382428B68400EAE233 /* YSWBWebViewManager.h */,
				87AD163A2428B68400EAE233 /* YSWBWebViewManager.m */,
				87AD16392428B68400EAE233 /* YSWKWebViewWeakDelegate.h */,
				87AD163B2428B68400EAE233 /* YSWKWebViewWeakDelegate.m */,
			);
			path = YSWBWebViewManager;
			sourceTree = "<group>";
		};
		87C8B0872429B9D20016848E /* Vendor */ = {
			isa = PBXGroup;
			children = (
				87C8B126242C3F910016848E /* SSZipArchive */,
				87C8B11D242C3ED00016848E /* YSPreload */,
				87C8B0DC2429BB8B0016848E /* ColorPicker */,
				87C8B08B2429B9D20016848E /* SDWebImage */,
			);
			path = Vendor;
			sourceTree = "<group>";
		};
		87C8B08B2429B9D20016848E /* SDWebImage */ = {
			isa = PBXGroup;
			children = (
				87C8B09F2429B9D20016848E /* MKAnnotationView+VYWebCache.h */,
				87C8B08F2429B9D20016848E /* MKAnnotationView+VYWebCache.m */,
				87C8B0A42429B9D20016848E /* NSData+VYImageContentType.h */,
				87C8B0922429B9D20016848E /* NSData+VYImageContentType.m */,
				87C8B0992429B9D20016848E /* NSImage+VYWebCache.h */,
				87C8B0A92429B9D20016848E /* NSImage+VYWebCache.m */,
				87C8B0AD2429B9D20016848E /* UIButton+VYWebCache.h */,
				87C8B0942429B9D20016848E /* UIButton+VYWebCache.m */,
				87C8B0B02429B9D20016848E /* UIImage+VYGIF.h */,
				87C8B09D2429B9D20016848E /* UIImage+VYGIF.m */,
				87C8B0A62429B9D20016848E /* UIImage+VYMultiFormat.h */,
				87C8B0902429B9D20016848E /* UIImage+VYMultiFormat.m */,
				87C8B09B2429B9D20016848E /* UIImage+VYWebP.h */,
				87C8B0B22429B9D20016848E /* UIImage+VYWebP.m */,
				87C8B0912429B9D20016848E /* UIImageView+VYHighlightedWebCache.h */,
				87C8B0A52429B9D20016848E /* UIImageView+VYHighlightedWebCache.m */,
				87C8B0A32429B9D20016848E /* UIImageView+VYWebCache.h */,
				87C8B0932429B9D20016848E /* UIImageView+VYWebCache.m */,
				87C8B0982429B9D20016848E /* UIView+VYWebCache.h */,
				87C8B0A82429B9D20016848E /* UIView+VYWebCache.m */,
				87C8B0AE2429B9D20016848E /* UIView+VYWebCacheOperation.h */,
				87C8B09E2429B9D20016848E /* UIView+VYWebCacheOperation.m */,
				87C8B0AC2429B9D20016848E /* VYSDImageCache.h */,
				87C8B0952429B9D20016848E /* VYSDImageCache.m */,
				87C8B08D2429B9D20016848E /* VYSDImageCacheConfig.h */,
				87C8B0A12429B9D20016848E /* VYSDImageCacheConfig.m */,
				87C8B08E2429B9D20016848E /* VYSDWebImageCompat.h */,
				87C8B0A02429B9D20016848E /* VYSDWebImageCompat.m */,
				87C8B0AB2429B9D20016848E /* VYSDWebImageDecoder.h */,
				87C8B0962429B9D20016848E /* VYSDWebImageDecoder.m */,
				87C8B0B12429B9D20016848E /* VYSDWebImageDownloader.h */,
				87C8B09C2429B9D20016848E /* VYSDWebImageDownloader.m */,
				87C8B0A22429B9D20016848E /* VYSDWebImageDownloaderOperation.h */,
				87C8B08C2429B9D20016848E /* VYSDWebImageDownloaderOperation.m */,
				87C8B0AA2429B9D20016848E /* VYSDWebImageManager.h */,
				87C8B0972429B9D20016848E /* VYSDWebImageManager.m */,
				87C8B0AF2429B9D20016848E /* VYSDWebImageOperation.h */,
				87C8B0A72429B9D20016848E /* VYSDWebImagePrefetcher.h */,
				87C8B09A2429B9D20016848E /* VYSDWebImagePrefetcher.m */,
			);
			path = SDWebImage;
			sourceTree = "<group>";
		};
		87C8B0DC2429BB8B0016848E /* ColorPicker */ = {
			isa = PBXGroup;
			children = (
				87C8B0DE2429BB8B0016848E /* HSV.h */,
				87C8B0E12429BC8D0016848E /* HSV.mm */,
			);
			path = ColorPicker;
			sourceTree = "<group>";
		};
		87C8B0E32429BCD20016848E /* YSDrawView */ = {
			isa = PBXGroup;
			children = (
				87C8B0E62429BCD20016848E /* Model */,
				87C8B0E92429BCD20016848E /* Draw */,
				87C8B0E52429BCD20016848E /* YSDrawView.h */,
				87C8B0E42429BCD20016848E /* YSDrawView.m */,
			);
			path = YSDrawView;
			sourceTree = "<group>";
		};
		87C8B0E62429BCD20016848E /* Model */ = {
			isa = PBXGroup;
			children = (
				87C8B0E82429BCD20016848E /* YSFileModel.h */,
				87C8B0E72429BCD20016848E /* YSFileModel.m */,
				877F395A24555DDC0086D7E2 /* YSMediaFileModel.h */,
				877F395B24555DDC0086D7E2 /* YSMediaFileModel.m */,
			);
			path = Model;
			sourceTree = "<group>";
		};
		87C8B0E92429BCD20016848E /* Draw */ = {
			isa = PBXGroup;
			children = (
				87C8B1002429BCD20016848E /* Base */,
				87C8B0F32429BCD20016848E /* SubClass */,
				87C8B0EA2429BCD20016848E /* OtherClass */,
			);
			path = Draw;
			sourceTree = "<group>";
		};
		87C8B0EA2429BCD20016848E /* OtherClass */ = {
			isa = PBXGroup;
			children = (
				87C8B0EB2429BCD20016848E /* DocShowView.h */,
				87C8B0EE2429BCD20016848E /* DocShowView.m */,
				87C8B0F02429BCD20016848E /* DocUnderView.h */,
				87C8B0ED2429BCD20016848E /* DocUnderView.m */,
				87C8B0EF2429BCD20016848E /* DrawView.h */,
				87C8B0F22429BCD20016848E /* DrawView.mm */,
				87C8B0F12429BCD20016848E /* LKPDFView.h */,
				87C8B0EC2429BCD20016848E /* LKPDFView.m */,
			);
			path = OtherClass;
			sourceTree = "<group>";
		};
		87C8B0F32429BCD20016848E /* SubClass */ = {
			isa = PBXGroup;
			children = (
				87C8B0F92429BCD20016848E /* DrawCircle.h */,
				87C8B0F52429BCD20016848E /* DrawCircle.m */,
				87C8B0F42429BCD20016848E /* DrawLine.h */,
				87C8B0FB2429BCD20016848E /* DrawLine.m */,
				87C8B0FE2429BCD20016848E /* DrawPen.h */,
				87C8B0FA2429BCD20016848E /* DrawPen.mm */,
				87C8B0FD2429BCD20016848E /* DrawRectangle.h */,
				87C8B0F72429BCD20016848E /* DrawRectangle.m */,
				87C8B0FC2429BCD20016848E /* DrawText.h */,
				87C8B0F82429BCD20016848E /* DrawText.m */,
				87C8B0FF2429BCD20016848E /* LaserPan.h */,
				87C8B0F62429BCD20016848E /* LaserPan.m */,
			);
			path = SubClass;
			sourceTree = "<group>";
		};
		87C8B1002429BCD20016848E /* Base */ = {
			isa = PBXGroup;
			children = (
				87C8B1012429BCD20016848E /* DrawBase.h */,
				87C8B1022429BCD20016848E /* DrawBase.m */,
			);
			path = Base;
			sourceTree = "<group>";
		};
		87C8B11D242C3ED00016848E /* YSPreload */ = {
			isa = PBXGroup;
			children = (
				87C8B121242C3ED00016848E /* YSDownloader.h */,
				87C8B11F242C3ED00016848E /* YSDownloader.m */,
				87C8B120242C3ED00016848E /* YSPreloadProgressView.h */,
				87C8B11E242C3ED00016848E /* YSPreloadProgressView.m */,
			);
			path = YSPreload;
			sourceTree = "<group>";
		};
		87C8B126242C3F910016848E /* SSZipArchive */ = {
			isa = PBXGroup;
			children = (
				87C8B127242C3F910016848E /* ZipArchive.h */,
				87C8B128242C3F910016848E /* minizip */,
				87C8B14C242C3F910016848E /* SSZipArchive.h */,
				87C8B14D242C3F910016848E /* SSZipCommon.h */,
				87C8B14E242C3F910016848E /* SSZipArchive.m */,
			);
			path = SSZipArchive;
			sourceTree = "<group>";
		};
		87C8B128242C3F910016848E /* minizip */ = {
			isa = PBXGroup;
			children = (
				87C8B129242C3F910016848E /* crypt.c */,
				87C8B12A242C3F910016848E /* unzip.c */,
				87C8B12B242C3F910016848E /* zip.c */,
				87C8B12C242C3F910016848E /* minishared.h */,
				87C8B12D242C3F910016848E /* ioapi.c */,
				87C8B12E242C3F910016848E /* ioapi_mem.h */,
				87C8B12F242C3F910016848E /* ioapi_buf.c */,
				87C8B130242C3F910016848E /* crypt.h */,
				87C8B131242C3F910016848E /* zip.h */,
				87C8B132242C3F910016848E /* unzip.h */,
				87C8B133242C3F910016848E /* ioapi_mem.c */,
				87C8B134242C3F910016848E /* minishared.c */,
				87C8B135242C3F910016848E /* ioapi.h */,
				87C8B136242C3F910016848E /* ioapi_buf.h */,
				87C8B137242C3F910016848E /* aes */,
			);
			path = minizip;
			sourceTree = "<group>";
		};
		87C8B137242C3F910016848E /* aes */ = {
			isa = PBXGroup;
			children = (
				87C8B138242C3F910016848E /* prng.h */,
				87C8B139242C3F910016848E /* aes_ni.h */,
				87C8B13A242C3F910016848E /* aeskey.c */,
				87C8B13B242C3F910016848E /* hmac.c */,
				87C8B13C242C3F910016848E /* aestab.h */,
				87C8B13D242C3F910016848E /* pwd2key.h */,
				87C8B13E242C3F910016848E /* aescrypt.c */,
				87C8B13F242C3F910016848E /* fileenc.c */,
				87C8B140242C3F910016848E /* aesopt.h */,
				87C8B141242C3F910016848E /* sha1.c */,
				87C8B142242C3F910016848E /* brg_types.h */,
				87C8B143242C3F910016848E /* hmac.h */,
				87C8B144242C3F910016848E /* aes_ni.c */,
				87C8B145242C3F910016848E /* brg_endian.h */,
				87C8B146242C3F910016848E /* prng.c */,
				87C8B147242C3F910016848E /* aes.h */,
				87C8B148242C3F910016848E /* pwd2key.c */,
				87C8B149242C3F910016848E /* aestab.c */,
				87C8B14A242C3F910016848E /* sha1.h */,
				87C8B14B242C3F910016848E /* fileenc.h */,
			);
			path = aes;
			sourceTree = "<group>";
		};
/* End PBXGroup section */

/* Begin PBXHeadersBuildPhase section */
		8732B8CB24270E18005BEB99 /* Headers */ = {
			isa = PBXHeadersBuildPhase;
			buildActionMask = 2147483647;
			files = (
				877F39682457E4EB0086D7E2 /* YSWBMediaMarkView.h in Headers */,
				044733A42456C9F4009ACB27 /* YSWhiteBoardTopBar.h in Headers */,
				877F395F2456B0D10086D7E2 /* YSWBMediaControlviewDelegate.h in Headers */,
				877F395C24555DDC0086D7E2 /* YSMediaFileModel.h in Headers */,
				041CEADF245169A300E07723 /* YSWhiteBoardControlView.h in Headers */,
				263C8A27245599BA00FDA6E8 /* YSWBMp4ControlView.h in Headers */,
				042F2F972435DD3E00838154 /* YSCoursewareControlView.h in Headers */,
				042F2F922435BDEE00838154 /* YSBrushToolsConfigs.h in Headers */,
				040812712435894A00900963 /* YSBrushToolsManager.h in Headers */,
				87C8B1522432F19E0016848E /* YSWhiteBoardManagerDelegate.h in Headers */,
				87C8B1512432F19E0016848E /* YSWhiteBoardDefines.h in Headers */,
				87C8B1502432F19E0016848E /* YSWhiteBoardMacro.h in Headers */,
				87AD16192427554900EAE233 /* YSRoomConfiguration.h in Headers */,
				87C8B1042429BCD20016848E /* YSDrawView.h in Headers */,
				263C8A26245599BA00FDA6E8 /* YSWBMp3Controlview.h in Headers */,
				87AD16442428B6AB00EAE233 /* YSWhiteBoardView.h in Headers */,
				87C8B1062429BCD20016848E /* YSFileModel.h in Headers */,
				87AD1600242721F000EAE233 /* YSWhiteBoardManager.h in Headers */,
				87AD162924284E8E00EAE233 /* YSRoomUtil.h in Headers */,
				87C8B0862429B9150016848E /* YSWhiteBoardEnum.h in Headers */,
				87AD163E2428B68400EAE233 /* YSWBWebViewManager.h in Headers */,
				87AD163C2428B68400EAE233 /* YSWBDrawViewManager.h in Headers */,
				26ACB4CA2446F7C500C8B149 /* NSURLProtocol+YSWhiteBoard.h in Headers */,
				87C8B125242C3ED00016848E /* YSDownloader.h in Headers */,
				87C8B124242C3ED00016848E /* YSPreloadProgressView.h in Headers */,
				87C8B0CF2429B9D20016848E /* UIImage+VYMultiFormat.h in Headers */,
				87C8B0CC2429B9D20016848E /* UIImageView+VYWebCache.h in Headers */,
				87AD163F2428B68400EAE233 /* YSWKWebViewWeakDelegate.h in Headers */,
				87C8B0B62429B9D20016848E /* VYSDImageCacheConfig.h in Headers */,
				87C8B0D02429B9D20016848E /* VYSDWebImagePrefetcher.h in Headers */,
				87C8B1182429BCD20016848E /* DrawRectangle.h in Headers */,
				263C8A2B245599BA00FDA6E8 /* YSWBMediaSlider.h in Headers */,
				87C8B0D82429B9D20016848E /* VYSDWebImageOperation.h in Headers */,
				87C8B0CD2429B9D20016848E /* NSData+VYImageContentType.h in Headers */,
				87C8B10D2429BCD20016848E /* LKPDFView.h in Headers */,
				87C8B0D72429B9D20016848E /* UIView+VYWebCacheOperation.h in Headers */,
				87C8B11A2429BCD20016848E /* LaserPan.h in Headers */,
				87C8B0CB2429B9D20016848E /* VYSDWebImageDownloaderOperation.h in Headers */,
				87C8B0B72429B9D20016848E /* VYSDWebImageCompat.h in Headers */,
				87C8B1142429BCD20016848E /* DrawCircle.h in Headers */,
				87C8B0D52429B9D20016848E /* VYSDImageCache.h in Headers */,
				87C8B0DA2429B9D20016848E /* VYSDWebImageDownloader.h in Headers */,
				87C8B0D32429B9D20016848E /* VYSDWebImageManager.h in Headers */,
				26ACB4CB2446F7C500C8B149 /* NSURLRequest+YSWhiteBoard.h in Headers */,
				87C8B1172429BCD20016848E /* DrawText.h in Headers */,
				26ACB4C72446F7C500C8B149 /* YSWhiteBordHttpDNSUtil.h in Headers */,
				87C8B0BA2429B9D20016848E /* UIImageView+VYHighlightedWebCache.h in Headers */,
				87C8B0D92429B9D20016848E /* UIImage+VYGIF.h in Headers */,
				8732B8D524270E18005BEB99 /* YSWhiteBoard.h in Headers */,
				87C8B0C22429B9D20016848E /* NSImage+VYWebCache.h in Headers */,
				87C8B10F2429BCD20016848E /* DrawLine.h in Headers */,
				87C8B10B2429BCD20016848E /* DrawView.h in Headers */,
				87C8B0C42429B9D20016848E /* UIImage+VYWebP.h in Headers */,
				87C8B11B2429BCD20016848E /* DrawBase.h in Headers */,
				87AD1631242859A900EAE233 /* YSWBLogger.h in Headers */,
				87C8B0D42429B9D20016848E /* VYSDWebImageDecoder.h in Headers */,
				26ACB4C62446F7C500C8B149 /* YSWhiteBordNSURLProtocol.h in Headers */,
				87C8B0D62429B9D20016848E /* UIButton+VYWebCache.h in Headers */,
				87C8B1072429BCD20016848E /* DocShowView.h in Headers */,
				87C8B10C2429BCD20016848E /* DocUnderView.h in Headers */,
				87C8B0E02429BB8B0016848E /* HSV.h in Headers */,
				87C8B1192429BCD20016848E /* DrawPen.h in Headers */,
				87C8B0C12429B9D20016848E /* UIView+VYWebCache.h in Headers */,
				87C8B0C82429B9D20016848E /* MKAnnotationView+VYWebCache.h in Headers */,
			);
			runOnlyForDeploymentPostprocessing = 0;
		};
/* End PBXHeadersBuildPhase section */

/* Begin PBXNativeTarget section */
		8732B8CF24270E18005BEB99 /* YSWhiteBoard */ = {
			isa = PBXNativeTarget;
			buildConfigurationList = 8732B8D824270E18005BEB99 /* Build configuration list for PBXNativeTarget "YSWhiteBoard" */;
			buildPhases = (
				8732B8CB24270E18005BEB99 /* Headers */,
				8732B8CC24270E18005BEB99 /* Sources */,
				8732B8CD24270E18005BEB99 /* Frameworks */,
				8732B8CE24270E18005BEB99 /* Resources */,
			);
			buildRules = (
			);
			dependencies = (
			);
			name = YSWhiteBoard;
			productName = YSWhiteBoard;
			productReference = 8732B8D024270E18005BEB99 /* YSWhiteBoard.framework */;
			productType = "com.apple.product-type.framework";
		};
/* End PBXNativeTarget section */

/* Begin PBXProject section */
		8732B8C724270E18005BEB99 /* Project object */ = {
			isa = PBXProject;
			attributes = {
				LastUpgradeCheck = 1130;
				ORGANIZATIONNAME = "jiang deng";
				TargetAttributes = {
					8732B8CF24270E18005BEB99 = {
						CreatedOnToolsVersion = 11.3;
					};
				};
			};
			buildConfigurationList = 8732B8CA24270E18005BEB99 /* Build configuration list for PBXProject "YSWhiteBoard" */;
			compatibilityVersion = "Xcode 9.3";
			developmentRegion = en;
			hasScannedForEncodings = 0;
			knownRegions = (
				en,
				Base,
			);
			mainGroup = 8732B8C624270E18005BEB99;
			productRefGroup = 8732B8D124270E18005BEB99 /* Products */;
			projectDirPath = "";
			projectRoot = "";
			targets = (
				8732B8CF24270E18005BEB99 /* YSWhiteBoard */,
			);
		};
/* End PBXProject section */

/* Begin PBXResourcesBuildPhase section */
		8732B8CE24270E18005BEB99 /* Resources */ = {
			isa = PBXResourcesBuildPhase;
			buildActionMask = 2147483647;
			files = (
				877F39592455290C0086D7E2 /* YSWhiteBoardResources.bundle in Resources */,
				041CEADC24514C3E00E07723 /* YSWhiteBoardImage.xcassets in Resources */,
			);
			runOnlyForDeploymentPostprocessing = 0;
		};
/* End PBXResourcesBuildPhase section */

/* Begin PBXSourcesBuildPhase section */
		8732B8CC24270E18005BEB99 /* Sources */ = {
			isa = PBXSourcesBuildPhase;
			buildActionMask = 2147483647;
			files = (
				263C8A2A245599BA00FDA6E8 /* YSWBMp3Controlview.m in Sources */,
				87C8B0D22429B9D20016848E /* NSImage+VYWebCache.m in Sources */,
				87AD16402428B68400EAE233 /* YSWBWebViewManager.m in Sources */,
				87C8B0C72429B9D20016848E /* UIView+VYWebCacheOperation.m in Sources */,
				044733A22456C47E009ACB27 /* YSWhiteBoardTopBar.m in Sources */,
				87C8B0C52429B9D20016848E /* VYSDWebImageDownloader.m in Sources */,
				263C8A28245599BA00FDA6E8 /* YSWBMediaSlider.m in Sources */,
				87C8B10A2429BCD20016848E /* DocShowView.m in Sources */,
				87C8B0DB2429B9D20016848E /* UIImage+VYWebP.m in Sources */,
				042F2F982435DD3E00838154 /* YSCoursewareControlView.m in Sources */,
				87C8B0B92429B9D20016848E /* UIImage+VYMultiFormat.m in Sources */,
				87C8B1112429BCD20016848E /* LaserPan.m in Sources */,
				042F2F932435BDEE00838154 /* YSBrushToolsConfigs.m in Sources */,
				26ACB4C82446F7C500C8B149 /* NSURLRequest+YSWhiteBoard.m in Sources */,
				87C8B0CA2429B9D20016848E /* VYSDImageCacheConfig.m in Sources */,
				263C8A29245599BA00FDA6E8 /* YSWBMp4ControlView.m in Sources */,
				87C8B11C2429BCD20016848E /* DrawBase.m in Sources */,
				87AD162A24284E8E00EAE233 /* YSRoomUtil.m in Sources */,
				26ACB4C52446F7C500C8B149 /* NSURLProtocol+YSWhiteBoard.m in Sources */,
				87C8B0BB2429B9D20016848E /* NSData+VYImageContentType.m in Sources */,
				87C8B0C02429B9D20016848E /* VYSDWebImageManager.m in Sources */,
				87C8B0B82429B9D20016848E /* MKAnnotationView+VYWebCache.m in Sources */,
				87C8B1102429BCD20016848E /* DrawCircle.m in Sources */,
				87C8B1132429BCD20016848E /* DrawText.m in Sources */,
				87AD1601242721F000EAE233 /* YSWhiteBoardManager.m in Sources */,
				87C8B1152429BCD20016848E /* DrawPen.mm in Sources */,
				87AD161A2427554900EAE233 /* YSRoomConfiguration.m in Sources */,
				87C8B0CE2429B9D20016848E /* UIImageView+VYHighlightedWebCache.m in Sources */,
				87C8B1162429BCD20016848E /* DrawLine.m in Sources */,
				87C8B123242C3ED00016848E /* YSDownloader.m in Sources */,
				87C8B1032429BCD20016848E /* YSDrawView.m in Sources */,
				87C8B0BF2429B9D20016848E /* VYSDWebImageDecoder.m in Sources */,
				87C8B0C32429B9D20016848E /* VYSDWebImagePrefetcher.m in Sources */,
				041CEAE0245169A300E07723 /* YSWhiteBoardControlView.m in Sources */,
				26ACB4C92446F7C500C8B149 /* YSWhiteBordNSURLProtocol.m in Sources */,
				87C8B1122429BCD20016848E /* DrawRectangle.m in Sources */,
				26ACB4CC2446F7C500C8B149 /* YSWhiteBordHttpDNSUtil.m in Sources */,
				87C8B1052429BCD20016848E /* YSFileModel.m in Sources */,
				877F39692457E4EB0086D7E2 /* YSWBMediaMarkView.m in Sources */,
				87C8B0D12429B9D20016848E /* UIView+VYWebCache.m in Sources */,
				87C8B0C62429B9D20016848E /* UIImage+VYGIF.m in Sources */,
				87C8B0BE2429B9D20016848E /* VYSDImageCache.m in Sources */,
				87AD16412428B68400EAE233 /* YSWKWebViewWeakDelegate.m in Sources */,
				87AD16452428B6AB00EAE233 /* YSWhiteBoardView.m in Sources */,
				877F395D24555DDC0086D7E2 /* YSMediaFileModel.m in Sources */,
				87C8B122242C3ED00016848E /* YSPreloadProgressView.m in Sources */,
				87C8B0B52429B9D20016848E /* VYSDWebImageDownloaderOperation.m in Sources */,
				87C8B1092429BCD20016848E /* DocUnderView.m in Sources */,
				87C8B0BD2429B9D20016848E /* UIButton+VYWebCache.m in Sources */,
				87C8B0C92429B9D20016848E /* VYSDWebImageCompat.m in Sources */,
				87C8B10E2429BCD20016848E /* DrawView.mm in Sources */,
				87C8B0BC2429B9D20016848E /* UIImageView+VYWebCache.m in Sources */,
				87AD1632242859A900EAE233 /* YSWBLogger.m in Sources */,
				040812722435894A00900963 /* YSBrushToolsManager.m in Sources */,
				87C8B1082429BCD20016848E /* LKPDFView.m in Sources */,
				87AD163D2428B68400EAE233 /* YSWBDrawViewManager.m in Sources */,
				87C8B0E22429BC8D0016848E /* HSV.mm in Sources */,
			);
			runOnlyForDeploymentPostprocessing = 0;
		};
/* End PBXSourcesBuildPhase section */

/* Begin XCBuildConfiguration section */
		8732B8D624270E18005BEB99 /* Debug */ = {
			isa = XCBuildConfiguration;
			buildSettings = {
				ALWAYS_SEARCH_USER_PATHS = NO;
				CLANG_ANALYZER_NONNULL = YES;
				CLANG_ANALYZER_NUMBER_OBJECT_CONVERSION = YES_AGGRESSIVE;
				CLANG_CXX_LANGUAGE_STANDARD = "gnu++14";
				CLANG_CXX_LIBRARY = "libc++";
				CLANG_ENABLE_MODULES = YES;
				CLANG_ENABLE_OBJC_ARC = YES;
				CLANG_ENABLE_OBJC_WEAK = YES;
				CLANG_WARN_BLOCK_CAPTURE_AUTORELEASING = YES;
				CLANG_WARN_BOOL_CONVERSION = YES;
				CLANG_WARN_COMMA = YES;
				CLANG_WARN_CONSTANT_CONVERSION = YES;
				CLANG_WARN_DEPRECATED_OBJC_IMPLEMENTATIONS = YES;
				CLANG_WARN_DIRECT_OBJC_ISA_USAGE = YES_ERROR;
				CLANG_WARN_DOCUMENTATION_COMMENTS = YES;
				CLANG_WARN_EMPTY_BODY = YES;
				CLANG_WARN_ENUM_CONVERSION = YES;
				CLANG_WARN_INFINITE_RECURSION = YES;
				CLANG_WARN_INT_CONVERSION = YES;
				CLANG_WARN_NON_LITERAL_NULL_CONVERSION = YES;
				CLANG_WARN_OBJC_IMPLICIT_RETAIN_SELF = YES;
				CLANG_WARN_OBJC_LITERAL_CONVERSION = YES;
				CLANG_WARN_OBJC_ROOT_CLASS = YES_ERROR;
				CLANG_WARN_RANGE_LOOP_ANALYSIS = YES;
				CLANG_WARN_STRICT_PROTOTYPES = YES;
				CLANG_WARN_SUSPICIOUS_MOVE = YES;
				CLANG_WARN_UNGUARDED_AVAILABILITY = YES_AGGRESSIVE;
				CLANG_WARN_UNREACHABLE_CODE = YES;
				CLANG_WARN__DUPLICATE_METHOD_MATCH = YES;
				COPY_PHASE_STRIP = NO;
				CURRENT_PROJECT_VERSION = 1;
				DEBUG_INFORMATION_FORMAT = dwarf;
				ENABLE_STRICT_OBJC_MSGSEND = YES;
				ENABLE_TESTABILITY = YES;
				GCC_C_LANGUAGE_STANDARD = gnu11;
				GCC_DYNAMIC_NO_PIC = NO;
				GCC_NO_COMMON_BLOCKS = YES;
				GCC_OPTIMIZATION_LEVEL = 0;
				GCC_PREPROCESSOR_DEFINITIONS = (
					"DEBUG=1",
					"$(inherited)",
				);
				GCC_WARN_64_TO_32_BIT_CONVERSION = YES;
				GCC_WARN_ABOUT_RETURN_TYPE = YES_ERROR;
				GCC_WARN_UNDECLARED_SELECTOR = YES;
				GCC_WARN_UNINITIALIZED_AUTOS = YES_AGGRESSIVE;
				GCC_WARN_UNUSED_FUNCTION = YES;
				GCC_WARN_UNUSED_VARIABLE = YES;
				IPHONEOS_DEPLOYMENT_TARGET = 9.0;
				MTL_ENABLE_DEBUG_INFO = INCLUDE_SOURCE;
				MTL_FAST_MATH = YES;
				ONLY_ACTIVE_ARCH = YES;
				SDKROOT = iphoneos;
				VERSIONING_SYSTEM = "apple-generic";
				VERSION_INFO_PREFIX = "";
			};
			name = Debug;
		};
		8732B8D724270E18005BEB99 /* Release */ = {
			isa = XCBuildConfiguration;
			buildSettings = {
				ALWAYS_SEARCH_USER_PATHS = NO;
				CLANG_ANALYZER_NONNULL = YES;
				CLANG_ANALYZER_NUMBER_OBJECT_CONVERSION = YES_AGGRESSIVE;
				CLANG_CXX_LANGUAGE_STANDARD = "gnu++14";
				CLANG_CXX_LIBRARY = "libc++";
				CLANG_ENABLE_MODULES = YES;
				CLANG_ENABLE_OBJC_ARC = YES;
				CLANG_ENABLE_OBJC_WEAK = YES;
				CLANG_WARN_BLOCK_CAPTURE_AUTORELEASING = YES;
				CLANG_WARN_BOOL_CONVERSION = YES;
				CLANG_WARN_COMMA = YES;
				CLANG_WARN_CONSTANT_CONVERSION = YES;
				CLANG_WARN_DEPRECATED_OBJC_IMPLEMENTATIONS = YES;
				CLANG_WARN_DIRECT_OBJC_ISA_USAGE = YES_ERROR;
				CLANG_WARN_DOCUMENTATION_COMMENTS = YES;
				CLANG_WARN_EMPTY_BODY = YES;
				CLANG_WARN_ENUM_CONVERSION = YES;
				CLANG_WARN_INFINITE_RECURSION = YES;
				CLANG_WARN_INT_CONVERSION = YES;
				CLANG_WARN_NON_LITERAL_NULL_CONVERSION = YES;
				CLANG_WARN_OBJC_IMPLICIT_RETAIN_SELF = YES;
				CLANG_WARN_OBJC_LITERAL_CONVERSION = YES;
				CLANG_WARN_OBJC_ROOT_CLASS = YES_ERROR;
				CLANG_WARN_RANGE_LOOP_ANALYSIS = YES;
				CLANG_WARN_STRICT_PROTOTYPES = YES;
				CLANG_WARN_SUSPICIOUS_MOVE = YES;
				CLANG_WARN_UNGUARDED_AVAILABILITY = YES_AGGRESSIVE;
				CLANG_WARN_UNREACHABLE_CODE = YES;
				CLANG_WARN__DUPLICATE_METHOD_MATCH = YES;
				COPY_PHASE_STRIP = NO;
				CURRENT_PROJECT_VERSION = 1;
				DEBUG_INFORMATION_FORMAT = "dwarf-with-dsym";
				ENABLE_NS_ASSERTIONS = NO;
				ENABLE_STRICT_OBJC_MSGSEND = YES;
				GCC_C_LANGUAGE_STANDARD = gnu11;
				GCC_NO_COMMON_BLOCKS = YES;
				GCC_WARN_64_TO_32_BIT_CONVERSION = YES;
				GCC_WARN_ABOUT_RETURN_TYPE = YES_ERROR;
				GCC_WARN_UNDECLARED_SELECTOR = YES;
				GCC_WARN_UNINITIALIZED_AUTOS = YES_AGGRESSIVE;
				GCC_WARN_UNUSED_FUNCTION = YES;
				GCC_WARN_UNUSED_VARIABLE = YES;
				IPHONEOS_DEPLOYMENT_TARGET = 9.0;
				MTL_ENABLE_DEBUG_INFO = NO;
				MTL_FAST_MATH = YES;
				SDKROOT = iphoneos;
				VALIDATE_PRODUCT = YES;
				VERSIONING_SYSTEM = "apple-generic";
				VERSION_INFO_PREFIX = "";
			};
			name = Release;
		};
		8732B8D924270E18005BEB99 /* Debug */ = {
			isa = XCBuildConfiguration;
			buildSettings = {
				CODE_SIGN_STYLE = Automatic;
				DEFINES_MODULE = YES;
				DYLIB_COMPATIBILITY_VERSION = 1;
				DYLIB_CURRENT_VERSION = 1;
				DYLIB_INSTALL_NAME_BASE = "@rpath";
				ENABLE_BITCODE = NO;
				FRAMEWORK_SEARCH_PATHS = (
					"$(inherited)",
					"$(PROJECT_DIR)/YSWhiteBoard",
				);
				GCC_PRECOMPILE_PREFIX_HEADER = YES;
				GCC_PREFIX_HEADER = "$(PROJECT_DIR)/YSWhiteBoard/YSWhiteBoard.h";
				INFOPLIST_FILE = YSWhiteBoard/Info.plist;
				INSTALL_PATH = "$(LOCAL_LIBRARY_DIR)/Frameworks";
				IPHONEOS_DEPLOYMENT_TARGET = 9.0;
				LD_RUNPATH_SEARCH_PATHS = (
					"$(inherited)",
					"@executable_path/Frameworks",
					"@loader_path/Frameworks",
				);
				MACH_O_TYPE = staticlib;
				ONLY_ACTIVE_ARCH = NO;
				OTHER_LDFLAGS = (
					"-Objc",
					"-all_load",
				);
				PRODUCT_BUNDLE_IDENTIFIER = YS.YSWhiteBoard;
				PRODUCT_NAME = "$(TARGET_NAME:c99extidentifier)";
				SKIP_INSTALL = YES;
				SUPPORTS_MACCATALYST = YES;
				SYSTEM_FRAMEWORK_SEARCH_PATHS = (
					"$(inherited)",
					"$(PROJECT_DIR)/YSLib",
					"$(PROJECT_DIR)/YSLib/BMKit",
				);
				TARGETED_DEVICE_FAMILY = "1,2";
			};
			name = Debug;
		};
		8732B8DA24270E18005BEB99 /* Release */ = {
			isa = XCBuildConfiguration;
			buildSettings = {
				CODE_SIGN_STYLE = Automatic;
				DEFINES_MODULE = YES;
				DYLIB_COMPATIBILITY_VERSION = 1;
				DYLIB_CURRENT_VERSION = 1;
				DYLIB_INSTALL_NAME_BASE = "@rpath";
				ENABLE_BITCODE = NO;
				FRAMEWORK_SEARCH_PATHS = (
					"$(inherited)",
					"$(PROJECT_DIR)/YSWhiteBoard",
				);
				GCC_PRECOMPILE_PREFIX_HEADER = YES;
				GCC_PREFIX_HEADER = "$(PROJECT_DIR)/YSWhiteBoard/YSWhiteBoard.h";
				INFOPLIST_FILE = YSWhiteBoard/Info.plist;
				INSTALL_PATH = "$(LOCAL_LIBRARY_DIR)/Frameworks";
				IPHONEOS_DEPLOYMENT_TARGET = 9.0;
				LD_RUNPATH_SEARCH_PATHS = (
					"$(inherited)",
					"@executable_path/Frameworks",
					"@loader_path/Frameworks",
				);
				MACH_O_TYPE = staticlib;
				OTHER_LDFLAGS = (
					"-Objc",
					"-all_load",
				);
				PRODUCT_BUNDLE_IDENTIFIER = YS.YSWhiteBoard;
				PRODUCT_NAME = "$(TARGET_NAME:c99extidentifier)";
				SKIP_INSTALL = YES;
				SUPPORTS_MACCATALYST = YES;
				SYSTEM_FRAMEWORK_SEARCH_PATHS = (
					"$(inherited)",
					"$(PROJECT_DIR)/YSLib",
					"$(PROJECT_DIR)/YSLib/BMKit",
				);
				TARGETED_DEVICE_FAMILY = "1,2";
			};
			name = Release;
		};
/* End XCBuildConfiguration section */

/* Begin XCConfigurationList section */
		8732B8CA24270E18005BEB99 /* Build configuration list for PBXProject "YSWhiteBoard" */ = {
			isa = XCConfigurationList;
			buildConfigurations = (
				8732B8D624270E18005BEB99 /* Debug */,
				8732B8D724270E18005BEB99 /* Release */,
			);
			defaultConfigurationIsVisible = 0;
			defaultConfigurationName = Release;
		};
		8732B8D824270E18005BEB99 /* Build configuration list for PBXNativeTarget "YSWhiteBoard" */ = {
			isa = XCConfigurationList;
			buildConfigurations = (
				8732B8D924270E18005BEB99 /* Debug */,
				8732B8DA24270E18005BEB99 /* Release */,
			);
			defaultConfigurationIsVisible = 0;
			defaultConfigurationName = Release;
		};
/* End XCConfigurationList section */
	};
	rootObject = 8732B8C724270E18005BEB99 /* Project object */;
}
